// !$*UTF8*$!
{
	archiveVersion = 1;
	classes = {
	};
	objectVersion = 46;
	objects = {

/* Begin PBXBuildFile section */
		00C302E51ABCBA2D00DB3ED1 /* libRCTActionSheet.a in Frameworks */ = {isa = PBXBuildFile; fileRef = 00C302AC1ABCB8CE00DB3ED1 /* libRCTActionSheet.a */; };
		00C302E71ABCBA2D00DB3ED1 /* libRCTGeolocation.a in Frameworks */ = {isa = PBXBuildFile; fileRef = 00C302BA1ABCB90400DB3ED1 /* libRCTGeolocation.a */; };
		00C302E81ABCBA2D00DB3ED1 /* libRCTImage.a in Frameworks */ = {isa = PBXBuildFile; fileRef = 00C302C01ABCB91800DB3ED1 /* libRCTImage.a */; };
		00C302E91ABCBA2D00DB3ED1 /* libRCTNetwork.a in Frameworks */ = {isa = PBXBuildFile; fileRef = 00C302DC1ABCB9D200DB3ED1 /* libRCTNetwork.a */; };
		00C302EA1ABCBA2D00DB3ED1 /* libRCTVibration.a in Frameworks */ = {isa = PBXBuildFile; fileRef = 00C302E41ABCB9EE00DB3ED1 /* libRCTVibration.a */; };
		00E356F31AD99517003FC87E /* Grau3Tests.m in Sources */ = {isa = PBXBuildFile; fileRef = 00E356F21AD99517003FC87E /* Grau3Tests.m */; };
		120C2198A3C910BA7E7C3302 /* AVFoundation.framework in Frameworks */ = {isa = PBXBuildFile; fileRef = 95298036B23A05CE4367B6DF /* AVFoundation.framework */; };
		133E29F31AD74F7200F7D852 /* libRCTLinking.a in Frameworks */ = {isa = PBXBuildFile; fileRef = 78C398B91ACF4ADC00677621 /* libRCTLinking.a */; };
		139105C61AF99C1200B5F7CC /* libRCTSettings.a in Frameworks */ = {isa = PBXBuildFile; fileRef = 139105C11AF99BAD00B5F7CC /* libRCTSettings.a */; };
		139FDEF61B0652A700C62182 /* libRCTWebSocket.a in Frameworks */ = {isa = PBXBuildFile; fileRef = 139FDEF41B06529B00C62182 /* libRCTWebSocket.a */; };
		13B07FBC1A68108700A75B9A /* AppDelegate.m in Sources */ = {isa = PBXBuildFile; fileRef = 13B07FB01A68108700A75B9A /* AppDelegate.m */; };
		13B07FBF1A68108700A75B9A /* Images.xcassets in Resources */ = {isa = PBXBuildFile; fileRef = 13B07FB51A68108700A75B9A /* Images.xcassets */; };
		13B07FC11A68108700A75B9A /* main.m in Sources */ = {isa = PBXBuildFile; fileRef = 13B07FB71A68108700A75B9A /* main.m */; };
		140ED2AC1D01E1AD002B40FF /* libReact.a in Frameworks */ = {isa = PBXBuildFile; fileRef = 146834041AC3E56700842450 /* libReact.a */; };
		146834051AC3E58100842450 /* libReact.a in Frameworks */ = {isa = PBXBuildFile; fileRef = 146834041AC3E56700842450 /* libReact.a */; };
		1820D91AD4EC481FB599815E /* libRNSound.a in Frameworks */ = {isa = PBXBuildFile; fileRef = A21F64DF953E4105806388CC /* libRNSound.a */; };
		18B9E8A21DE64EECA50373FF /* libRCTVideo.a in Frameworks */ = {isa = PBXBuildFile; fileRef = AD145C3622B54126AF1F42FF /* libRCTVideo.a */; };
		201B672076A77544A7E48B32 /* CoreText.framework in Frameworks */ = {isa = PBXBuildFile; fileRef = BF00242B9F7A07B6D66D1A7D /* CoreText.framework */; };
		30E7C69D930E725E155B474B /* CoreTelephony.framework in Frameworks */ = {isa = PBXBuildFile; fileRef = B355F442FF84F218BE8E8552 /* CoreTelephony.framework */; };
		5E1681E824CA4413B3B2606E /* libRCTImageSequence.a in Frameworks */ = {isa = PBXBuildFile; fileRef = 6089B0C4A765424FA1A10096 /* libRCTImageSequence.a */; };
		5E9157361DD0AC6A00FF2AA8 /* libRCTAnimation.a in Frameworks */ = {isa = PBXBuildFile; fileRef = 5E9157331DD0AC6500FF2AA8 /* libRCTAnimation.a */; };
		6227FD4633A44DEDA50E9F0F /* libRNFS.a in Frameworks */ = {isa = PBXBuildFile; fileRef = 49E224A12DEF4C078FFE299E /* libRNFS.a */; };
		750C9950CC171A12B22173C3 /* BuddyBuildSDK.framework in Frameworks */ = {isa = PBXBuildFile; fileRef = ED6C88AD56B07764F07A3A4E /* BuddyBuildSDK.framework */; };
		832341BD1AAA6AB300B99B32 /* libRCTText.a in Frameworks */ = {isa = PBXBuildFile; fileRef = 832341B51AAA6A8300B99B32 /* libRCTText.a */; };
		95E92088D308A2E7BF6CEEC4 /* CoreMedia.framework in Frameworks */ = {isa = PBXBuildFile; fileRef = A55ACCA03365931084D87989 /* CoreMedia.framework */; };
		9AEFF0D978FB9B5A3EAAF598 /* CoreVideo.framework in Frameworks */ = {isa = PBXBuildFile; fileRef = 4F9422E536B341DBDDB09772 /* CoreVideo.framework */; };
		BC2019177FF84F4CB02027C1 /* libRNViewShot.a in Frameworks */ = {isa = PBXBuildFile; fileRef = 3068557CC3B44F2885CB090F /* libRNViewShot.a */; };
		BEBEC851BB200785069B15A2 /* QuartzCore.framework in Frameworks */ = {isa = PBXBuildFile; fileRef = 7B1F9CF6859B10F204224A22 /* QuartzCore.framework */; };
		D92AF6CC9B9B4ECA4445A759 /* AssetsLibrary.framework in Frameworks */ = {isa = PBXBuildFile; fileRef = 543C49D6FAACE25E80FC9690 /* AssetsLibrary.framework */; };
		EFD9FDCA6F1C47B31EBB3EED /* SystemConfiguration.framework in Frameworks */ = {isa = PBXBuildFile; fileRef = DCDA62BFB59A632D69C5B8EA /* SystemConfiguration.framework */; };
		F62892811E2CF00B00081545 /* loading-2048.gif in Resources */ = {isa = PBXBuildFile; fileRef = F62892801E2CF00B00081545 /* loading-2048.gif */; };
		F62892851E2CF67800081545 /* LaunchScreen.storyboard in Resources */ = {isa = PBXBuildFile; fileRef = F62892841E2CF67800081545 /* LaunchScreen.storyboard */; };
		F6A97E891E2D214300C0372F /* libRNMail.a in Frameworks */ = {isa = PBXBuildFile; fileRef = F6A97E841E2D212E00C0372F /* libRNMail.a */; };
		F6B4E7F51E525C8700494AE3 /* icon_dog.png in Resources */ = {isa = PBXBuildFile; fileRef = F6B4E7F21E525C8700494AE3 /* icon_dog.png */; };
		F6B4E7F61E525C8700494AE3 /* dog.png in Resources */ = {isa = PBXBuildFile; fileRef = F6B4E7F31E525C8700494AE3 /* dog.png */; };
		F6B4E7F71E525C8700494AE3 /* dog@2x.png in Resources */ = {isa = PBXBuildFile; fileRef = F6B4E7F41E525C8700494AE3 /* dog@2x.png */; };
		F6B4E7FC1E53016000494AE3 /* story-background-sound-2.mp3 in Resources */ = {isa = PBXBuildFile; fileRef = F6B4E7F91E53016000494AE3 /* story-background-sound-2.mp3 */; };
		F6B4E7FD1E53016000494AE3 /* main-background-sound.mp3 in Resources */ = {isa = PBXBuildFile; fileRef = F6B4E7FA1E53016000494AE3 /* main-background-sound.mp3 */; };
		F6B4E7FF1E5308FE00494AE3 /* narration-title.mp3 in Resources */ = {isa = PBXBuildFile; fileRef = F6B4E7FE1E5308FE00494AE3 /* narration-title.mp3 */; };
		F6B4E8111E5309E400494AE3 /* narration-16.mp3 in Resources */ = {isa = PBXBuildFile; fileRef = F6B4E8001E5309E400494AE3 /* narration-16.mp3 */; };
		F6B4E8121E5309E400494AE3 /* narration-15.mp3 in Resources */ = {isa = PBXBuildFile; fileRef = F6B4E8011E5309E400494AE3 /* narration-15.mp3 */; };
		F6B4E8131E5309E400494AE3 /* narration-14.mp3 in Resources */ = {isa = PBXBuildFile; fileRef = F6B4E8021E5309E400494AE3 /* narration-14.mp3 */; };
		F6B4E8141E5309E400494AE3 /* narration-13.mp3 in Resources */ = {isa = PBXBuildFile; fileRef = F6B4E8031E5309E400494AE3 /* narration-13.mp3 */; };
		F6B4E8151E5309E400494AE3 /* narration-12.mp3 in Resources */ = {isa = PBXBuildFile; fileRef = F6B4E8041E5309E400494AE3 /* narration-12.mp3 */; };
		F6B4E8161E5309E400494AE3 /* narration-11.mp3 in Resources */ = {isa = PBXBuildFile; fileRef = F6B4E8051E5309E400494AE3 /* narration-11.mp3 */; };
		F6B4E8171E5309E400494AE3 /* narration-10.mp3 in Resources */ = {isa = PBXBuildFile; fileRef = F6B4E8061E5309E400494AE3 /* narration-10.mp3 */; };
		F6B4E8181E5309E400494AE3 /* narration-9.mp3 in Resources */ = {isa = PBXBuildFile; fileRef = F6B4E8071E5309E400494AE3 /* narration-9.mp3 */; };
		F6B4E8191E5309E400494AE3 /* narration-8.mp3 in Resources */ = {isa = PBXBuildFile; fileRef = F6B4E8081E5309E400494AE3 /* narration-8.mp3 */; };
		F6B4E81A1E5309E400494AE3 /* narration-7.mp3 in Resources */ = {isa = PBXBuildFile; fileRef = F6B4E8091E5309E400494AE3 /* narration-7.mp3 */; };
		F6B4E81B1E5309E400494AE3 /* narration-6.mp3 in Resources */ = {isa = PBXBuildFile; fileRef = F6B4E80A1E5309E400494AE3 /* narration-6.mp3 */; };
		F6B4E81C1E5309E400494AE3 /* narration-5.mp3 in Resources */ = {isa = PBXBuildFile; fileRef = F6B4E80B1E5309E400494AE3 /* narration-5.mp3 */; };
		F6B4E81D1E5309E400494AE3 /* narration-4.mp3 in Resources */ = {isa = PBXBuildFile; fileRef = F6B4E80C1E5309E400494AE3 /* narration-4.mp3 */; };
		F6B4E81E1E5309E400494AE3 /* narration-3.mp3 in Resources */ = {isa = PBXBuildFile; fileRef = F6B4E80D1E5309E400494AE3 /* narration-3.mp3 */; };
		F6B4E81F1E5309E400494AE3 /* narration-2.mp3 in Resources */ = {isa = PBXBuildFile; fileRef = F6B4E80E1E5309E400494AE3 /* narration-2.mp3 */; };
		F6B4E8201E5309E400494AE3 /* narration-1.mp3 in Resources */ = {isa = PBXBuildFile; fileRef = F6B4E80F1E5309E400494AE3 /* narration-1.mp3 */; };
		F6B4E8211E5309E400494AE3 /* narration-0.mp3 in Resources */ = {isa = PBXBuildFile; fileRef = F6B4E8101E5309E400494AE3 /* narration-0.mp3 */; };
		F6B6ECBF1E39124C00C190F7 /* LoadVideo.swift in Sources */ = {isa = PBXBuildFile; fileRef = F6B6ECBD1E39124C00C190F7 /* LoadVideo.swift */; };
		F6B6ECC21E39135000C190F7 /* LoadVideoView.xib in Resources */ = {isa = PBXBuildFile; fileRef = F6B6ECC11E39135000C190F7 /* LoadVideoView.xib */; };
		F6F291721E53258F0037A2D2 /* oooch3.mp3 in Resources */ = {isa = PBXBuildFile; fileRef = F6F291541E53258F0037A2D2 /* oooch3.mp3 */; };
		F6F291731E53258F0037A2D2 /* oooch2.mp3 in Resources */ = {isa = PBXBuildFile; fileRef = F6F291551E53258F0037A2D2 /* oooch2.mp3 */; };
		F6F291741E53258F0037A2D2 /* mhmmm3.mp3 in Resources */ = {isa = PBXBuildFile; fileRef = F6F291561E53258F0037A2D2 /* mhmmm3.mp3 */; };
		F6F291751E53258F0037A2D2 /* mhmmm2.mp3 in Resources */ = {isa = PBXBuildFile; fileRef = F6F291571E53258F0037A2D2 /* mhmmm2.mp3 */; };
		F6F291761E53258F0037A2D2 /* mhmmm1.mp3 in Resources */ = {isa = PBXBuildFile; fileRef = F6F291581E53258F0037A2D2 /* mhmmm1.mp3 */; };
		F6F291771E53258F0037A2D2 /* aeeech.mp3 in Resources */ = {isa = PBXBuildFile; fileRef = F6F291591E53258F0037A2D2 /* aeeech.mp3 */; };
		F6F291781E53258F0037A2D2 /* oooch1.mp3 in Resources */ = {isa = PBXBuildFile; fileRef = F6F2915A1E53258F0037A2D2 /* oooch1.mp3 */; };
		F6F291791E53258F0037A2D2 /* hmmm2.mp3 in Resources */ = {isa = PBXBuildFile; fileRef = F6F2915B1E53258F0037A2D2 /* hmmm2.mp3 */; };
		F6F2917A1E53258F0037A2D2 /* hmmm1.mp3 in Resources */ = {isa = PBXBuildFile; fileRef = F6F2915C1E53258F0037A2D2 /* hmmm1.mp3 */; };
		F6F2917B1E53258F0037A2D2 /* blubber2.mp3 in Resources */ = {isa = PBXBuildFile; fileRef = F6F2915D1E53258F0037A2D2 /* blubber2.mp3 */; };
		F6F2917C1E53258F0037A2D2 /* velo.mp3 in Resources */ = {isa = PBXBuildFile; fileRef = F6F2915E1E53258F0037A2D2 /* velo.mp3 */; };
		F6F2917D1E53258F0037A2D2 /* schiff.mp3 in Resources */ = {isa = PBXBuildFile; fileRef = F6F2915F1E53258F0037A2D2 /* schiff.mp3 */; };
		F6F2917E1E53258F0037A2D2 /* jogger.mp3 in Resources */ = {isa = PBXBuildFile; fileRef = F6F291601E53258F0037A2D2 /* jogger.mp3 */; };
		F6F2917F1E53258F0037A2D2 /* shaker2.mp3 in Resources */ = {isa = PBXBuildFile; fileRef = F6F291611E53258F0037A2D2 /* shaker2.mp3 */; };
		F6F291801E53258F0037A2D2 /* shaker1.mp3 in Resources */ = {isa = PBXBuildFile; fileRef = F6F291621E53258F0037A2D2 /* shaker1.mp3 */; };
		F6F291811E53258F0037A2D2 /* schritte.mp3 in Resources */ = {isa = PBXBuildFile; fileRef = F6F291631E53258F0037A2D2 /* schritte.mp3 */; };
		F6F291821E53258F0037A2D2 /* blubber.mp3 in Resources */ = {isa = PBXBuildFile; fileRef = F6F291641E53258F0037A2D2 /* blubber.mp3 */; };
		F6F291831E53258F0037A2D2 /* fleck3.mp3 in Resources */ = {isa = PBXBuildFile; fileRef = F6F291651E53258F0037A2D2 /* fleck3.mp3 */; };
		F6F291841E53258F0037A2D2 /* fleck2.mp3 in Resources */ = {isa = PBXBuildFile; fileRef = F6F291661E53258F0037A2D2 /* fleck2.mp3 */; };
		F6F291851E53258F0037A2D2 /* fleck1.mp3 in Resources */ = {isa = PBXBuildFile; fileRef = F6F291671E53258F0037A2D2 /* fleck1.mp3 */; };
		F6F291861E53258F0037A2D2 /* blinzeln.mp3 in Resources */ = {isa = PBXBuildFile; fileRef = F6F291681E53258F0037A2D2 /* blinzeln.mp3 */; };
		F6F291871E53258F0037A2D2 /* katze2.mp3 in Resources */ = {isa = PBXBuildFile; fileRef = F6F291691E53258F0037A2D2 /* katze2.mp3 */; };
		F6F291881E53258F0037A2D2 /* schrill2.mp3 in Resources */ = {isa = PBXBuildFile; fileRef = F6F2916A1E53258F0037A2D2 /* schrill2.mp3 */; };
		F6F291891E53258F0037A2D2 /* schrill1.mp3 in Resources */ = {isa = PBXBuildFile; fileRef = F6F2916B1E53258F0037A2D2 /* schrill1.mp3 */; };
		F6F2918A1E53258F0037A2D2 /* katze3.mp3 in Resources */ = {isa = PBXBuildFile; fileRef = F6F2916C1E53258F0037A2D2 /* katze3.mp3 */; };
		F6F2918B1E53258F0037A2D2 /* katze1.mp3 in Resources */ = {isa = PBXBuildFile; fileRef = F6F2916D1E53258F0037A2D2 /* katze1.mp3 */; };
		F6F2918C1E53258F0037A2D2 /* rauch.mp3 in Resources */ = {isa = PBXBuildFile; fileRef = F6F2916E1E53258F0037A2D2 /* rauch.mp3 */; };
		F6F2918D1E53258F0037A2D2 /* hund-knurrt.mp3 in Resources */ = {isa = PBXBuildFile; fileRef = F6F2916F1E53258F0037A2D2 /* hund-knurrt.mp3 */; };
		F6F2918E1E53258F0037A2D2 /* auto-hupen.mp3 in Resources */ = {isa = PBXBuildFile; fileRef = F6F291701E53258F0037A2D2 /* auto-hupen.mp3 */; };
		F6F2918F1E53258F0037A2D2 /* ambulanz.mp3 in Resources */ = {isa = PBXBuildFile; fileRef = F6F291711E53258F0037A2D2 /* ambulanz.mp3 */; };
/* End PBXBuildFile section */

/* Begin PBXContainerItemProxy section */
		00C302AB1ABCB8CE00DB3ED1 /* PBXContainerItemProxy */ = {
			isa = PBXContainerItemProxy;
			containerPortal = 00C302A71ABCB8CE00DB3ED1 /* RCTActionSheet.xcodeproj */;
			proxyType = 2;
			remoteGlobalIDString = 134814201AA4EA6300B7C361;
			remoteInfo = RCTActionSheet;
		};
		00C302B91ABCB90400DB3ED1 /* PBXContainerItemProxy */ = {
			isa = PBXContainerItemProxy;
			containerPortal = 00C302B51ABCB90400DB3ED1 /* RCTGeolocation.xcodeproj */;
			proxyType = 2;
			remoteGlobalIDString = 134814201AA4EA6300B7C361;
			remoteInfo = RCTGeolocation;
		};
		00C302BF1ABCB91800DB3ED1 /* PBXContainerItemProxy */ = {
			isa = PBXContainerItemProxy;
			containerPortal = 00C302BB1ABCB91800DB3ED1 /* RCTImage.xcodeproj */;
			proxyType = 2;
			remoteGlobalIDString = 58B5115D1A9E6B3D00147676;
			remoteInfo = RCTImage;
		};
		00C302DB1ABCB9D200DB3ED1 /* PBXContainerItemProxy */ = {
			isa = PBXContainerItemProxy;
			containerPortal = 00C302D31ABCB9D200DB3ED1 /* RCTNetwork.xcodeproj */;
			proxyType = 2;
			remoteGlobalIDString = 58B511DB1A9E6C8500147676;
			remoteInfo = RCTNetwork;
		};
		00C302E31ABCB9EE00DB3ED1 /* PBXContainerItemProxy */ = {
			isa = PBXContainerItemProxy;
			containerPortal = 00C302DF1ABCB9EE00DB3ED1 /* RCTVibration.xcodeproj */;
			proxyType = 2;
			remoteGlobalIDString = 832C81801AAF6DEF007FA2F7;
			remoteInfo = RCTVibration;
		};
		00E356F41AD99517003FC87E /* PBXContainerItemProxy */ = {
			isa = PBXContainerItemProxy;
			containerPortal = 83CBB9F71A601CBA00E9B192 /* Project object */;
			proxyType = 1;
			remoteGlobalIDString = 13B07F861A680F5B00A75B9A;
			remoteInfo = Grau3;
		};
		139105C01AF99BAD00B5F7CC /* PBXContainerItemProxy */ = {
			isa = PBXContainerItemProxy;
			containerPortal = 139105B61AF99BAD00B5F7CC /* RCTSettings.xcodeproj */;
			proxyType = 2;
			remoteGlobalIDString = 134814201AA4EA6300B7C361;
			remoteInfo = RCTSettings;
		};
		139FDEF31B06529B00C62182 /* PBXContainerItemProxy */ = {
			isa = PBXContainerItemProxy;
			containerPortal = 139FDEE61B06529A00C62182 /* RCTWebSocket.xcodeproj */;
			proxyType = 2;
			remoteGlobalIDString = 3C86DF461ADF2C930047B81A;
			remoteInfo = RCTWebSocket;
		};
		146834031AC3E56700842450 /* PBXContainerItemProxy */ = {
			isa = PBXContainerItemProxy;
			containerPortal = 146833FF1AC3E56700842450 /* React.xcodeproj */;
			proxyType = 2;
			remoteGlobalIDString = 83CBBA2E1A601D0E00E9B192;
			remoteInfo = React;
		};
		5E9157321DD0AC6500FF2AA8 /* PBXContainerItemProxy */ = {
			isa = PBXContainerItemProxy;
			containerPortal = 5E91572D1DD0AC6500FF2AA8 /* RCTAnimation.xcodeproj */;
			proxyType = 2;
			remoteGlobalIDString = 134814201AA4EA6300B7C361;
			remoteInfo = RCTAnimation;
		};
		5E9157341DD0AC6500FF2AA8 /* PBXContainerItemProxy */ = {
			isa = PBXContainerItemProxy;
			containerPortal = 5E91572D1DD0AC6500FF2AA8 /* RCTAnimation.xcodeproj */;
			proxyType = 2;
			remoteGlobalIDString = 2D2A28201D9B03D100D4039D;
			remoteInfo = "RCTAnimation-tvOS";
		};
		78C398B81ACF4ADC00677621 /* PBXContainerItemProxy */ = {
			isa = PBXContainerItemProxy;
			containerPortal = 78C398B01ACF4ADC00677621 /* RCTLinking.xcodeproj */;
			proxyType = 2;
			remoteGlobalIDString = 134814201AA4EA6300B7C361;
			remoteInfo = RCTLinking;
		};
		832341B41AAA6A8300B99B32 /* PBXContainerItemProxy */ = {
			isa = PBXContainerItemProxy;
			containerPortal = 832341B01AAA6A8300B99B32 /* RCTText.xcodeproj */;
			proxyType = 2;
			remoteGlobalIDString = 58B5119B1A9E6C1200147676;
			remoteInfo = RCTText;
		};
		F62892261E2A456F00081545 /* PBXContainerItemProxy */ = {
			isa = PBXContainerItemProxy;
			containerPortal = 00C302BB1ABCB91800DB3ED1 /* RCTImage.xcodeproj */;
			proxyType = 2;
			remoteGlobalIDString = 2D2A283A1D9B042B00D4039D;
			remoteInfo = "RCTImage-tvOS";
		};
		F628922A1E2A456F00081545 /* PBXContainerItemProxy */ = {
			isa = PBXContainerItemProxy;
			containerPortal = 78C398B01ACF4ADC00677621 /* RCTLinking.xcodeproj */;
			proxyType = 2;
			remoteGlobalIDString = 2D2A28471D9B043800D4039D;
			remoteInfo = "RCTLinking-tvOS";
		};
		F628922E1E2A456F00081545 /* PBXContainerItemProxy */ = {
			isa = PBXContainerItemProxy;
			containerPortal = 00C302D31ABCB9D200DB3ED1 /* RCTNetwork.xcodeproj */;
			proxyType = 2;
			remoteGlobalIDString = 2D2A28541D9B044C00D4039D;
			remoteInfo = "RCTNetwork-tvOS";
		};
		F62892321E2A456F00081545 /* PBXContainerItemProxy */ = {
			isa = PBXContainerItemProxy;
			containerPortal = 139105B61AF99BAD00B5F7CC /* RCTSettings.xcodeproj */;
			proxyType = 2;
			remoteGlobalIDString = 2D2A28611D9B046600D4039D;
			remoteInfo = "RCTSettings-tvOS";
		};
		F62892361E2A456F00081545 /* PBXContainerItemProxy */ = {
			isa = PBXContainerItemProxy;
			containerPortal = 832341B01AAA6A8300B99B32 /* RCTText.xcodeproj */;
			proxyType = 2;
			remoteGlobalIDString = 2D2A287B1D9B048500D4039D;
			remoteInfo = "RCTText-tvOS";
		};
		F628923E1E2A456F00081545 /* PBXContainerItemProxy */ = {
			isa = PBXContainerItemProxy;
			containerPortal = 139FDEE61B06529A00C62182 /* RCTWebSocket.xcodeproj */;
			proxyType = 2;
			remoteGlobalIDString = 2D2A28881D9B049200D4039D;
			remoteInfo = "RCTWebSocket-tvOS";
		};
		F62892421E2A456F00081545 /* PBXContainerItemProxy */ = {
			isa = PBXContainerItemProxy;
			containerPortal = 146833FF1AC3E56700842450 /* React.xcodeproj */;
			proxyType = 2;
			remoteGlobalIDString = 2D2A28131D9B038B00D4039D;
			remoteInfo = "React-tvOS";
		};
		F62892481E2A456F00081545 /* PBXContainerItemProxy */ = {
			isa = PBXContainerItemProxy;
			containerPortal = 6530CD3953E5434790AAE50F /* RNSound.xcodeproj */;
			proxyType = 2;
			remoteGlobalIDString = 19825A1E1BD4A89800EE0337;
			remoteInfo = RNSound;
		};
		F62892DF1E2D032200081545 /* PBXContainerItemProxy */ = {
			isa = PBXContainerItemProxy;
			containerPortal = B07E064B64974C998598D032 /* RNViewShot.xcodeproj */;
			proxyType = 2;
			remoteGlobalIDString = 134814201AA4EA6300B7C361;
			remoteInfo = RNViewShot;
		};
		F6A97E831E2D212E00C0372F /* PBXContainerItemProxy */ = {
			isa = PBXContainerItemProxy;
			containerPortal = F6A97E6A1E2D212E00C0372F /* RNMail.xcodeproj */;
			proxyType = 2;
			remoteGlobalIDString = 46FEDE7F1AFF192F00D3261C;
			remoteInfo = RNMail;
		};
		F6A97E851E2D212E00C0372F /* PBXContainerItemProxy */ = {
			isa = PBXContainerItemProxy;
			containerPortal = F6A97E6A1E2D212E00C0372F /* RNMail.xcodeproj */;
			proxyType = 2;
			remoteGlobalIDString = 46FEDE8A1AFF192F00D3261C;
			remoteInfo = RNMailTests;
		};
		F6B4E7EC1E52346C00494AE3 /* PBXContainerItemProxy */ = {
			isa = PBXContainerItemProxy;
			containerPortal = CB0835FC0EF849BEA7B1253F /* RNFS.xcodeproj */;
			proxyType = 2;
			remoteGlobalIDString = F12AFB9B1ADAF8F800E0535D;
			remoteInfo = RNFS;
		};
		F6DFC8401E3FD372001C2270 /* PBXContainerItemProxy */ = {
			isa = PBXContainerItemProxy;
			containerPortal = 2FEC0A30DD234B73954F37F8 /* RCTImageSequence.xcodeproj */;
			proxyType = 2;
			remoteGlobalIDString = C75D3D4D1D36714700B6F44B;
			remoteInfo = RCTImageSequence;
		};
		F6E1A3AE1E4DE4F30036DD47 /* PBXContainerItemProxy */ = {
			isa = PBXContainerItemProxy;
			containerPortal = 146833FF1AC3E56700842450 /* React.xcodeproj */;
			proxyType = 2;
			remoteGlobalIDString = 3D3C059A1DE3340900C268FA;
			remoteInfo = yoga;
		};
		F6E1A3B01E4DE4F30036DD47 /* PBXContainerItemProxy */ = {
			isa = PBXContainerItemProxy;
			containerPortal = 146833FF1AC3E56700842450 /* React.xcodeproj */;
			proxyType = 2;
			remoteGlobalIDString = 3D3C06751DE3340C00C268FA;
			remoteInfo = "yoga-tvOS";
		};
		F6E1A3B21E4DE4F30036DD47 /* PBXContainerItemProxy */ = {
			isa = PBXContainerItemProxy;
			containerPortal = 146833FF1AC3E56700842450 /* React.xcodeproj */;
			proxyType = 2;
			remoteGlobalIDString = 3D3CD9251DE5FBEC00167DC4;
			remoteInfo = cxxreact;
		};
		F6E1A3B41E4DE4F30036DD47 /* PBXContainerItemProxy */ = {
			isa = PBXContainerItemProxy;
			containerPortal = 146833FF1AC3E56700842450 /* React.xcodeproj */;
			proxyType = 2;
			remoteGlobalIDString = 3D3CD9321DE5FBEE00167DC4;
			remoteInfo = "cxxreact-tvOS";
		};
		F6E1A3B61E4DE4F30036DD47 /* PBXContainerItemProxy */ = {
			isa = PBXContainerItemProxy;
			containerPortal = 146833FF1AC3E56700842450 /* React.xcodeproj */;
			proxyType = 2;
			remoteGlobalIDString = 3D3CD90B1DE5FBD600167DC4;
			remoteInfo = jschelpers;
		};
		F6E1A3B81E4DE4F30036DD47 /* PBXContainerItemProxy */ = {
			isa = PBXContainerItemProxy;
			containerPortal = 146833FF1AC3E56700842450 /* React.xcodeproj */;
			proxyType = 2;
			remoteGlobalIDString = 3D3CD9181DE5FBD800167DC4;
			remoteInfo = "jschelpers-tvOS";
		};
		F6F291401E5313640037A2D2 /* PBXContainerItemProxy */ = {
			isa = PBXContainerItemProxy;
			containerPortal = A7DA7E88E64E4294A50340BA /* RCTVideo.xcodeproj */;
			proxyType = 2;
			remoteGlobalIDString = 134814201AA4EA6300B7C361;
			remoteInfo = RCTVideo;
		};
/* End PBXContainerItemProxy section */

/* Begin PBXFileReference section */
		008F07F21AC5B25A0029DE68 /* main.jsbundle */ = {isa = PBXFileReference; fileEncoding = 4; lastKnownFileType = text; path = main.jsbundle; sourceTree = "<group>"; };
		00C302A71ABCB8CE00DB3ED1 /* RCTActionSheet.xcodeproj */ = {isa = PBXFileReference; lastKnownFileType = "wrapper.pb-project"; name = RCTActionSheet.xcodeproj; path = "../node_modules/react-native/Libraries/ActionSheetIOS/RCTActionSheet.xcodeproj"; sourceTree = "<group>"; };
		00C302B51ABCB90400DB3ED1 /* RCTGeolocation.xcodeproj */ = {isa = PBXFileReference; lastKnownFileType = "wrapper.pb-project"; name = RCTGeolocation.xcodeproj; path = "../node_modules/react-native/Libraries/Geolocation/RCTGeolocation.xcodeproj"; sourceTree = "<group>"; };
		00C302BB1ABCB91800DB3ED1 /* RCTImage.xcodeproj */ = {isa = PBXFileReference; lastKnownFileType = "wrapper.pb-project"; name = RCTImage.xcodeproj; path = "../node_modules/react-native/Libraries/Image/RCTImage.xcodeproj"; sourceTree = "<group>"; };
		00C302D31ABCB9D200DB3ED1 /* RCTNetwork.xcodeproj */ = {isa = PBXFileReference; lastKnownFileType = "wrapper.pb-project"; name = RCTNetwork.xcodeproj; path = "../node_modules/react-native/Libraries/Network/RCTNetwork.xcodeproj"; sourceTree = "<group>"; };
		00C302DF1ABCB9EE00DB3ED1 /* RCTVibration.xcodeproj */ = {isa = PBXFileReference; lastKnownFileType = "wrapper.pb-project"; name = RCTVibration.xcodeproj; path = "../node_modules/react-native/Libraries/Vibration/RCTVibration.xcodeproj"; sourceTree = "<group>"; };
		00E356EE1AD99517003FC87E /* Grau3Tests.xctest */ = {isa = PBXFileReference; explicitFileType = wrapper.cfbundle; includeInIndex = 0; path = Grau3Tests.xctest; sourceTree = BUILT_PRODUCTS_DIR; };
		00E356F11AD99517003FC87E /* Info.plist */ = {isa = PBXFileReference; lastKnownFileType = text.plist.xml; path = Info.plist; sourceTree = "<group>"; };
		00E356F21AD99517003FC87E /* Grau3Tests.m */ = {isa = PBXFileReference; lastKnownFileType = sourcecode.c.objc; path = Grau3Tests.m; sourceTree = "<group>"; };
		139105B61AF99BAD00B5F7CC /* RCTSettings.xcodeproj */ = {isa = PBXFileReference; lastKnownFileType = "wrapper.pb-project"; name = RCTSettings.xcodeproj; path = "../node_modules/react-native/Libraries/Settings/RCTSettings.xcodeproj"; sourceTree = "<group>"; };
		139FDEE61B06529A00C62182 /* RCTWebSocket.xcodeproj */ = {isa = PBXFileReference; lastKnownFileType = "wrapper.pb-project"; name = RCTWebSocket.xcodeproj; path = "../node_modules/react-native/Libraries/WebSocket/RCTWebSocket.xcodeproj"; sourceTree = "<group>"; };
		13B07F961A680F5B00A75B9A /* Grau3.app */ = {isa = PBXFileReference; explicitFileType = wrapper.application; includeInIndex = 0; path = Grau3.app; sourceTree = BUILT_PRODUCTS_DIR; };
		13B07FAF1A68108700A75B9A /* AppDelegate.h */ = {isa = PBXFileReference; fileEncoding = 4; lastKnownFileType = sourcecode.c.h; name = AppDelegate.h; path = Grau3/AppDelegate.h; sourceTree = "<group>"; };
		13B07FB01A68108700A75B9A /* AppDelegate.m */ = {isa = PBXFileReference; fileEncoding = 4; lastKnownFileType = sourcecode.c.objc; name = AppDelegate.m; path = Grau3/AppDelegate.m; sourceTree = "<group>"; };
		13B07FB51A68108700A75B9A /* Images.xcassets */ = {isa = PBXFileReference; lastKnownFileType = folder.assetcatalog; name = Images.xcassets; path = Grau3/Images.xcassets; sourceTree = "<group>"; };
		13B07FB61A68108700A75B9A /* Info.plist */ = {isa = PBXFileReference; fileEncoding = 4; lastKnownFileType = text.plist.xml; name = Info.plist; path = Grau3/Info.plist; sourceTree = "<group>"; };
		13B07FB71A68108700A75B9A /* main.m */ = {isa = PBXFileReference; fileEncoding = 4; lastKnownFileType = sourcecode.c.objc; name = main.m; path = Grau3/main.m; sourceTree = "<group>"; };
		146833FF1AC3E56700842450 /* React.xcodeproj */ = {isa = PBXFileReference; lastKnownFileType = "wrapper.pb-project"; name = React.xcodeproj; path = "../node_modules/react-native/React/React.xcodeproj"; sourceTree = "<group>"; };
		2FEC0A30DD234B73954F37F8 /* RCTImageSequence.xcodeproj */ = {isa = PBXFileReference; explicitFileType = undefined; fileEncoding = 9; includeInIndex = 0; lastKnownFileType = "wrapper.pb-project"; name = RCTImageSequence.xcodeproj; path = "../node_modules/react-native-image-sequence/ios/RCTImageSequence.xcodeproj"; sourceTree = "<group>"; };
		3068557CC3B44F2885CB090F /* libRNViewShot.a */ = {isa = PBXFileReference; explicitFileType = undefined; fileEncoding = 9; includeInIndex = 0; lastKnownFileType = archive.ar; path = libRNViewShot.a; sourceTree = "<group>"; };
		49E224A12DEF4C078FFE299E /* libRNFS.a */ = {isa = PBXFileReference; explicitFileType = undefined; fileEncoding = 9; includeInIndex = 0; lastKnownFileType = archive.ar; path = libRNFS.a; sourceTree = "<group>"; };
		4F9422E536B341DBDDB09772 /* CoreVideo.framework */ = {isa = PBXFileReference; lastKnownFileType = wrapper.framework; name = CoreVideo.framework; path = System/Library/Frameworks/CoreVideo.framework; sourceTree = SDKROOT; };
		543C49D6FAACE25E80FC9690 /* AssetsLibrary.framework */ = {isa = PBXFileReference; lastKnownFileType = wrapper.framework; name = AssetsLibrary.framework; path = System/Library/Frameworks/AssetsLibrary.framework; sourceTree = SDKROOT; };
		5E91572D1DD0AC6500FF2AA8 /* RCTAnimation.xcodeproj */ = {isa = PBXFileReference; lastKnownFileType = "wrapper.pb-project"; name = RCTAnimation.xcodeproj; path = "../node_modules/react-native/Libraries/NativeAnimation/RCTAnimation.xcodeproj"; sourceTree = "<group>"; };
		6089B0C4A765424FA1A10096 /* libRCTImageSequence.a */ = {isa = PBXFileReference; explicitFileType = undefined; fileEncoding = 9; includeInIndex = 0; lastKnownFileType = archive.ar; path = libRCTImageSequence.a; sourceTree = "<group>"; };
		6530CD3953E5434790AAE50F /* RNSound.xcodeproj */ = {isa = PBXFileReference; explicitFileType = undefined; fileEncoding = 9; includeInIndex = 0; lastKnownFileType = "wrapper.pb-project"; name = RNSound.xcodeproj; path = "../node_modules/react-native-sound/RNSound.xcodeproj"; sourceTree = "<group>"; };
		78C398B01ACF4ADC00677621 /* RCTLinking.xcodeproj */ = {isa = PBXFileReference; lastKnownFileType = "wrapper.pb-project"; name = RCTLinking.xcodeproj; path = "../node_modules/react-native/Libraries/LinkingIOS/RCTLinking.xcodeproj"; sourceTree = "<group>"; };
		7B1F9CF6859B10F204224A22 /* QuartzCore.framework */ = {isa = PBXFileReference; lastKnownFileType = wrapper.framework; name = QuartzCore.framework; path = System/Library/Frameworks/QuartzCore.framework; sourceTree = SDKROOT; };
		832341B01AAA6A8300B99B32 /* RCTText.xcodeproj */ = {isa = PBXFileReference; lastKnownFileType = "wrapper.pb-project"; name = RCTText.xcodeproj; path = "../node_modules/react-native/Libraries/Text/RCTText.xcodeproj"; sourceTree = "<group>"; };
		95298036B23A05CE4367B6DF /* AVFoundation.framework */ = {isa = PBXFileReference; lastKnownFileType = wrapper.framework; name = AVFoundation.framework; path = System/Library/Frameworks/AVFoundation.framework; sourceTree = SDKROOT; };
		A21F64DF953E4105806388CC /* libRNSound.a */ = {isa = PBXFileReference; explicitFileType = undefined; fileEncoding = 9; includeInIndex = 0; lastKnownFileType = archive.ar; path = libRNSound.a; sourceTree = "<group>"; };
		A55ACCA03365931084D87989 /* CoreMedia.framework */ = {isa = PBXFileReference; lastKnownFileType = wrapper.framework; name = CoreMedia.framework; path = System/Library/Frameworks/CoreMedia.framework; sourceTree = SDKROOT; };
		A7DA7E88E64E4294A50340BA /* RCTVideo.xcodeproj */ = {isa = PBXFileReference; explicitFileType = undefined; fileEncoding = 9; includeInIndex = 0; lastKnownFileType = "wrapper.pb-project"; name = RCTVideo.xcodeproj; path = "../node_modules/react-native-video/ios/RCTVideo.xcodeproj"; sourceTree = "<group>"; };
		AD145C3622B54126AF1F42FF /* libRCTVideo.a */ = {isa = PBXFileReference; explicitFileType = undefined; fileEncoding = 9; includeInIndex = 0; lastKnownFileType = archive.ar; path = libRCTVideo.a; sourceTree = "<group>"; };
		B07E064B64974C998598D032 /* RNViewShot.xcodeproj */ = {isa = PBXFileReference; explicitFileType = undefined; fileEncoding = 9; includeInIndex = 0; lastKnownFileType = "wrapper.pb-project"; name = RNViewShot.xcodeproj; path = "../node_modules/react-native-view-shot/ios/RNViewShot.xcodeproj"; sourceTree = "<group>"; };
		B355F442FF84F218BE8E8552 /* CoreTelephony.framework */ = {isa = PBXFileReference; lastKnownFileType = wrapper.framework; name = CoreTelephony.framework; path = System/Library/Frameworks/CoreTelephony.framework; sourceTree = SDKROOT; };
		BF00242B9F7A07B6D66D1A7D /* CoreText.framework */ = {isa = PBXFileReference; lastKnownFileType = wrapper.framework; name = CoreText.framework; path = System/Library/Frameworks/CoreText.framework; sourceTree = SDKROOT; };
		CB0835FC0EF849BEA7B1253F /* RNFS.xcodeproj */ = {isa = PBXFileReference; explicitFileType = undefined; fileEncoding = 9; includeInIndex = 0; lastKnownFileType = "wrapper.pb-project"; name = RNFS.xcodeproj; path = "../node_modules/react-native-fs/RNFS.xcodeproj"; sourceTree = "<group>"; };
		DCDA62BFB59A632D69C5B8EA /* SystemConfiguration.framework */ = {isa = PBXFileReference; lastKnownFileType = wrapper.framework; name = SystemConfiguration.framework; path = System/Library/Frameworks/SystemConfiguration.framework; sourceTree = SDKROOT; };
		ED6C88AD56B07764F07A3A4E /* BuddyBuildSDK.framework */ = {isa = PBXFileReference; lastKnownFileType = wrapper.framework; path = BuddyBuildSDK.framework; sourceTree = "<group>"; };
		F62892801E2CF00B00081545 /* loading-2048.gif */ = {isa = PBXFileReference; lastKnownFileType = image.gif; path = "loading-2048.gif"; sourceTree = "<group>"; };
		F62892841E2CF67800081545 /* LaunchScreen.storyboard */ = {isa = PBXFileReference; fileEncoding = 4; lastKnownFileType = file.storyboard; name = LaunchScreen.storyboard; path = Grau3/LaunchScreen.storyboard; sourceTree = "<group>"; };
		F6A97E6A1E2D212E00C0372F /* RNMail.xcodeproj */ = {isa = PBXFileReference; lastKnownFileType = "wrapper.pb-project"; name = RNMail.xcodeproj; path = "../node_modules/react-native-mail/RNMail.xcodeproj"; sourceTree = "<group>"; };
		F6B4E7F21E525C8700494AE3 /* icon_dog.png */ = {isa = PBXFileReference; lastKnownFileType = image.png; name = icon_dog.png; path = ../src/assets/game_objects/images/icon_dog.png; sourceTree = "<group>"; };
		F6B4E7F31E525C8700494AE3 /* dog.png */ = {isa = PBXFileReference; lastKnownFileType = image.png; name = dog.png; path = ../src/assets/game_objects/images/dog.png; sourceTree = "<group>"; };
		F6B4E7F41E525C8700494AE3 /* dog@2x.png */ = {isa = PBXFileReference; lastKnownFileType = image.png; name = "dog@2x.png"; path = "../src/assets/game_objects/images/dog@2x.png"; sourceTree = "<group>"; };
		F6B4E7F91E53016000494AE3 /* story-background-sound-2.mp3 */ = {isa = PBXFileReference; lastKnownFileType = audio.mp3; name = "story-background-sound-2.mp3"; path = "../src/assets/sounds/background/story-background-sound-2.mp3"; sourceTree = "<group>"; };
		F6B4E7FA1E53016000494AE3 /* main-background-sound.mp3 */ = {isa = PBXFileReference; lastKnownFileType = audio.mp3; name = "main-background-sound.mp3"; path = "../src/assets/sounds/background/main-background-sound.mp3"; sourceTree = "<group>"; };
		F6B4E7FE1E5308FE00494AE3 /* narration-title.mp3 */ = {isa = PBXFileReference; lastKnownFileType = audio.mp3; name = "narration-title.mp3"; path = "../src/assets/sounds/narration/narration-title.mp3"; sourceTree = "<group>"; };
		F6B4E8001E5309E400494AE3 /* narration-16.mp3 */ = {isa = PBXFileReference; lastKnownFileType = audio.mp3; name = "narration-16.mp3"; path = "../src/assets/sounds/narration/narration-16.mp3"; sourceTree = "<group>"; };
		F6B4E8011E5309E400494AE3 /* narration-15.mp3 */ = {isa = PBXFileReference; lastKnownFileType = audio.mp3; name = "narration-15.mp3"; path = "../src/assets/sounds/narration/narration-15.mp3"; sourceTree = "<group>"; };
		F6B4E8021E5309E400494AE3 /* narration-14.mp3 */ = {isa = PBXFileReference; lastKnownFileType = audio.mp3; name = "narration-14.mp3"; path = "../src/assets/sounds/narration/narration-14.mp3"; sourceTree = "<group>"; };
		F6B4E8031E5309E400494AE3 /* narration-13.mp3 */ = {isa = PBXFileReference; lastKnownFileType = audio.mp3; name = "narration-13.mp3"; path = "../src/assets/sounds/narration/narration-13.mp3"; sourceTree = "<group>"; };
		F6B4E8041E5309E400494AE3 /* narration-12.mp3 */ = {isa = PBXFileReference; lastKnownFileType = audio.mp3; name = "narration-12.mp3"; path = "../src/assets/sounds/narration/narration-12.mp3"; sourceTree = "<group>"; };
		F6B4E8051E5309E400494AE3 /* narration-11.mp3 */ = {isa = PBXFileReference; lastKnownFileType = audio.mp3; name = "narration-11.mp3"; path = "../src/assets/sounds/narration/narration-11.mp3"; sourceTree = "<group>"; };
		F6B4E8061E5309E400494AE3 /* narration-10.mp3 */ = {isa = PBXFileReference; lastKnownFileType = audio.mp3; name = "narration-10.mp3"; path = "../src/assets/sounds/narration/narration-10.mp3"; sourceTree = "<group>"; };
		F6B4E8071E5309E400494AE3 /* narration-9.mp3 */ = {isa = PBXFileReference; lastKnownFileType = audio.mp3; name = "narration-9.mp3"; path = "../src/assets/sounds/narration/narration-9.mp3"; sourceTree = "<group>"; };
		F6B4E8081E5309E400494AE3 /* narration-8.mp3 */ = {isa = PBXFileReference; lastKnownFileType = audio.mp3; name = "narration-8.mp3"; path = "../src/assets/sounds/narration/narration-8.mp3"; sourceTree = "<group>"; };
		F6B4E8091E5309E400494AE3 /* narration-7.mp3 */ = {isa = PBXFileReference; lastKnownFileType = audio.mp3; name = "narration-7.mp3"; path = "../src/assets/sounds/narration/narration-7.mp3"; sourceTree = "<group>"; };
		F6B4E80A1E5309E400494AE3 /* narration-6.mp3 */ = {isa = PBXFileReference; lastKnownFileType = audio.mp3; name = "narration-6.mp3"; path = "../src/assets/sounds/narration/narration-6.mp3"; sourceTree = "<group>"; };
		F6B4E80B1E5309E400494AE3 /* narration-5.mp3 */ = {isa = PBXFileReference; lastKnownFileType = audio.mp3; name = "narration-5.mp3"; path = "../src/assets/sounds/narration/narration-5.mp3"; sourceTree = "<group>"; };
		F6B4E80C1E5309E400494AE3 /* narration-4.mp3 */ = {isa = PBXFileReference; lastKnownFileType = audio.mp3; name = "narration-4.mp3"; path = "../src/assets/sounds/narration/narration-4.mp3"; sourceTree = "<group>"; };
		F6B4E80D1E5309E400494AE3 /* narration-3.mp3 */ = {isa = PBXFileReference; lastKnownFileType = audio.mp3; name = "narration-3.mp3"; path = "../src/assets/sounds/narration/narration-3.mp3"; sourceTree = "<group>"; };
		F6B4E80E1E5309E400494AE3 /* narration-2.mp3 */ = {isa = PBXFileReference; lastKnownFileType = audio.mp3; name = "narration-2.mp3"; path = "../src/assets/sounds/narration/narration-2.mp3"; sourceTree = "<group>"; };
		F6B4E80F1E5309E400494AE3 /* narration-1.mp3 */ = {isa = PBXFileReference; lastKnownFileType = audio.mp3; name = "narration-1.mp3"; path = "../src/assets/sounds/narration/narration-1.mp3"; sourceTree = "<group>"; };
		F6B4E8101E5309E400494AE3 /* narration-0.mp3 */ = {isa = PBXFileReference; lastKnownFileType = audio.mp3; name = "narration-0.mp3"; path = "../src/assets/sounds/narration/narration-0.mp3"; sourceTree = "<group>"; };
		F6B6EC7C1E38FD8300C190F7 /* Grau3-Bridging-Header.h */ = {isa = PBXFileReference; lastKnownFileType = sourcecode.c.h; path = "Grau3-Bridging-Header.h"; sourceTree = "<group>"; };
		F6B6ECBD1E39124C00C190F7 /* LoadVideo.swift */ = {isa = PBXFileReference; fileEncoding = 4; lastKnownFileType = sourcecode.swift; name = LoadVideo.swift; path = Grau3/LoadVideo.swift; sourceTree = "<group>"; };
		F6B6ECC11E39135000C190F7 /* LoadVideoView.xib */ = {isa = PBXFileReference; fileEncoding = 4; lastKnownFileType = file.xib; name = LoadVideoView.xib; path = Grau3/LoadVideoView.xib; sourceTree = "<group>"; };
		F6F291541E53258F0037A2D2 /* oooch3.mp3 */ = {isa = PBXFileReference; lastKnownFileType = audio.mp3; name = oooch3.mp3; path = "../src/assets/sounds/clickable-sounds/oooch3.mp3"; sourceTree = "<group>"; };
		F6F291551E53258F0037A2D2 /* oooch2.mp3 */ = {isa = PBXFileReference; lastKnownFileType = audio.mp3; name = oooch2.mp3; path = "../src/assets/sounds/clickable-sounds/oooch2.mp3"; sourceTree = "<group>"; };
		F6F291561E53258F0037A2D2 /* mhmmm3.mp3 */ = {isa = PBXFileReference; lastKnownFileType = audio.mp3; name = mhmmm3.mp3; path = "../src/assets/sounds/clickable-sounds/mhmmm3.mp3"; sourceTree = "<group>"; };
		F6F291571E53258F0037A2D2 /* mhmmm2.mp3 */ = {isa = PBXFileReference; lastKnownFileType = audio.mp3; name = mhmmm2.mp3; path = "../src/assets/sounds/clickable-sounds/mhmmm2.mp3"; sourceTree = "<group>"; };
		F6F291581E53258F0037A2D2 /* mhmmm1.mp3 */ = {isa = PBXFileReference; lastKnownFileType = audio.mp3; name = mhmmm1.mp3; path = "../src/assets/sounds/clickable-sounds/mhmmm1.mp3"; sourceTree = "<group>"; };
		F6F291591E53258F0037A2D2 /* aeeech.mp3 */ = {isa = PBXFileReference; lastKnownFileType = audio.mp3; name = aeeech.mp3; path = "../src/assets/sounds/clickable-sounds/aeeech.mp3"; sourceTree = "<group>"; };
		F6F2915A1E53258F0037A2D2 /* oooch1.mp3 */ = {isa = PBXFileReference; lastKnownFileType = audio.mp3; name = oooch1.mp3; path = "../src/assets/sounds/clickable-sounds/oooch1.mp3"; sourceTree = "<group>"; };
		F6F2915B1E53258F0037A2D2 /* hmmm2.mp3 */ = {isa = PBXFileReference; lastKnownFileType = audio.mp3; name = hmmm2.mp3; path = "../src/assets/sounds/clickable-sounds/hmmm2.mp3"; sourceTree = "<group>"; };
		F6F2915C1E53258F0037A2D2 /* hmmm1.mp3 */ = {isa = PBXFileReference; lastKnownFileType = audio.mp3; name = hmmm1.mp3; path = "../src/assets/sounds/clickable-sounds/hmmm1.mp3"; sourceTree = "<group>"; };
		F6F2915D1E53258F0037A2D2 /* blubber2.mp3 */ = {isa = PBXFileReference; lastKnownFileType = audio.mp3; name = blubber2.mp3; path = "../src/assets/sounds/clickable-sounds/blubber2.mp3"; sourceTree = "<group>"; };
		F6F2915E1E53258F0037A2D2 /* velo.mp3 */ = {isa = PBXFileReference; lastKnownFileType = audio.mp3; name = velo.mp3; path = "../src/assets/sounds/clickable-sounds/velo.mp3"; sourceTree = "<group>"; };
		F6F2915F1E53258F0037A2D2 /* schiff.mp3 */ = {isa = PBXFileReference; lastKnownFileType = audio.mp3; name = schiff.mp3; path = "../src/assets/sounds/clickable-sounds/schiff.mp3"; sourceTree = "<group>"; };
		F6F291601E53258F0037A2D2 /* jogger.mp3 */ = {isa = PBXFileReference; lastKnownFileType = audio.mp3; name = jogger.mp3; path = "../src/assets/sounds/clickable-sounds/jogger.mp3"; sourceTree = "<group>"; };
		F6F291611E53258F0037A2D2 /* shaker2.mp3 */ = {isa = PBXFileReference; lastKnownFileType = audio.mp3; name = shaker2.mp3; path = "../src/assets/sounds/clickable-sounds/shaker2.mp3"; sourceTree = "<group>"; };
		F6F291621E53258F0037A2D2 /* shaker1.mp3 */ = {isa = PBXFileReference; lastKnownFileType = audio.mp3; name = shaker1.mp3; path = "../src/assets/sounds/clickable-sounds/shaker1.mp3"; sourceTree = "<group>"; };
		F6F291631E53258F0037A2D2 /* schritte.mp3 */ = {isa = PBXFileReference; lastKnownFileType = audio.mp3; name = schritte.mp3; path = "../src/assets/sounds/clickable-sounds/schritte.mp3"; sourceTree = "<group>"; };
		F6F291641E53258F0037A2D2 /* blubber.mp3 */ = {isa = PBXFileReference; lastKnownFileType = audio.mp3; name = blubber.mp3; path = "../src/assets/sounds/clickable-sounds/blubber.mp3"; sourceTree = "<group>"; };
		F6F291651E53258F0037A2D2 /* fleck3.mp3 */ = {isa = PBXFileReference; lastKnownFileType = audio.mp3; name = fleck3.mp3; path = "../src/assets/sounds/clickable-sounds/fleck3.mp3"; sourceTree = "<group>"; };
		F6F291661E53258F0037A2D2 /* fleck2.mp3 */ = {isa = PBXFileReference; lastKnownFileType = audio.mp3; name = fleck2.mp3; path = "../src/assets/sounds/clickable-sounds/fleck2.mp3"; sourceTree = "<group>"; };
		F6F291671E53258F0037A2D2 /* fleck1.mp3 */ = {isa = PBXFileReference; lastKnownFileType = audio.mp3; name = fleck1.mp3; path = "../src/assets/sounds/clickable-sounds/fleck1.mp3"; sourceTree = "<group>"; };
		F6F291681E53258F0037A2D2 /* blinzeln.mp3 */ = {isa = PBXFileReference; lastKnownFileType = audio.mp3; name = blinzeln.mp3; path = "../src/assets/sounds/clickable-sounds/blinzeln.mp3"; sourceTree = "<group>"; };
		F6F291691E53258F0037A2D2 /* katze2.mp3 */ = {isa = PBXFileReference; lastKnownFileType = audio.mp3; name = katze2.mp3; path = "../src/assets/sounds/clickable-sounds/katze2.mp3"; sourceTree = "<group>"; };
		F6F2916A1E53258F0037A2D2 /* schrill2.mp3 */ = {isa = PBXFileReference; lastKnownFileType = audio.mp3; name = schrill2.mp3; path = "../src/assets/sounds/clickable-sounds/schrill2.mp3"; sourceTree = "<group>"; };
		F6F2916B1E53258F0037A2D2 /* schrill1.mp3 */ = {isa = PBXFileReference; lastKnownFileType = audio.mp3; name = schrill1.mp3; path = "../src/assets/sounds/clickable-sounds/schrill1.mp3"; sourceTree = "<group>"; };
		F6F2916C1E53258F0037A2D2 /* katze3.mp3 */ = {isa = PBXFileReference; lastKnownFileType = audio.mp3; name = katze3.mp3; path = "../src/assets/sounds/clickable-sounds/katze3.mp3"; sourceTree = "<group>"; };
		F6F2916D1E53258F0037A2D2 /* katze1.mp3 */ = {isa = PBXFileReference; lastKnownFileType = audio.mp3; name = katze1.mp3; path = "../src/assets/sounds/clickable-sounds/katze1.mp3"; sourceTree = "<group>"; };
		F6F2916E1E53258F0037A2D2 /* rauch.mp3 */ = {isa = PBXFileReference; lastKnownFileType = audio.mp3; name = rauch.mp3; path = "../src/assets/sounds/clickable-sounds/rauch.mp3"; sourceTree = "<group>"; };
		F6F2916F1E53258F0037A2D2 /* hund-knurrt.mp3 */ = {isa = PBXFileReference; lastKnownFileType = audio.mp3; name = "hund-knurrt.mp3"; path = "../src/assets/sounds/clickable-sounds/hund-knurrt.mp3"; sourceTree = "<group>"; };
		F6F291701E53258F0037A2D2 /* auto-hupen.mp3 */ = {isa = PBXFileReference; lastKnownFileType = audio.mp3; name = "auto-hupen.mp3"; path = "../src/assets/sounds/clickable-sounds/auto-hupen.mp3"; sourceTree = "<group>"; };
		F6F291711E53258F0037A2D2 /* ambulanz.mp3 */ = {isa = PBXFileReference; lastKnownFileType = audio.mp3; name = ambulanz.mp3; path = "../src/assets/sounds/clickable-sounds/ambulanz.mp3"; sourceTree = "<group>"; };
/* End PBXFileReference section */

/* Begin PBXFrameworksBuildPhase section */
		00E356EB1AD99517003FC87E /* Frameworks */ = {
			isa = PBXFrameworksBuildPhase;
			buildActionMask = 2147483647;
			files = (
				140ED2AC1D01E1AD002B40FF /* libReact.a in Frameworks */,
			);
			runOnlyForDeploymentPostprocessing = 0;
		};
		13B07F8C1A680F5B00A75B9A /* Frameworks */ = {
			isa = PBXFrameworksBuildPhase;
			buildActionMask = 2147483647;
			files = (
				F6A97E891E2D214300C0372F /* libRNMail.a in Frameworks */,
				5E9157361DD0AC6A00FF2AA8 /* libRCTAnimation.a in Frameworks */,
				146834051AC3E58100842450 /* libReact.a in Frameworks */,
				00C302E51ABCBA2D00DB3ED1 /* libRCTActionSheet.a in Frameworks */,
				00C302E71ABCBA2D00DB3ED1 /* libRCTGeolocation.a in Frameworks */,
				00C302E81ABCBA2D00DB3ED1 /* libRCTImage.a in Frameworks */,
				133E29F31AD74F7200F7D852 /* libRCTLinking.a in Frameworks */,
				00C302E91ABCBA2D00DB3ED1 /* libRCTNetwork.a in Frameworks */,
				139105C61AF99C1200B5F7CC /* libRCTSettings.a in Frameworks */,
				832341BD1AAA6AB300B99B32 /* libRCTText.a in Frameworks */,
				00C302EA1ABCBA2D00DB3ED1 /* libRCTVibration.a in Frameworks */,
				139FDEF61B0652A700C62182 /* libRCTWebSocket.a in Frameworks */,
				1820D91AD4EC481FB599815E /* libRNSound.a in Frameworks */,
				BC2019177FF84F4CB02027C1 /* libRNViewShot.a in Frameworks */,
				5E1681E824CA4413B3B2606E /* libRCTImageSequence.a in Frameworks */,
				750C9950CC171A12B22173C3 /* BuddyBuildSDK.framework in Frameworks */,
				D92AF6CC9B9B4ECA4445A759 /* AssetsLibrary.framework in Frameworks */,
				201B672076A77544A7E48B32 /* CoreText.framework in Frameworks */,
				30E7C69D930E725E155B474B /* CoreTelephony.framework in Frameworks */,
				EFD9FDCA6F1C47B31EBB3EED /* SystemConfiguration.framework in Frameworks */,
				BEBEC851BB200785069B15A2 /* QuartzCore.framework in Frameworks */,
				120C2198A3C910BA7E7C3302 /* AVFoundation.framework in Frameworks */,
				95E92088D308A2E7BF6CEEC4 /* CoreMedia.framework in Frameworks */,
				9AEFF0D978FB9B5A3EAAF598 /* CoreVideo.framework in Frameworks */,
				6227FD4633A44DEDA50E9F0F /* libRNFS.a in Frameworks */,
				18B9E8A21DE64EECA50373FF /* libRCTVideo.a in Frameworks */,
			);
			runOnlyForDeploymentPostprocessing = 0;
		};
/* End PBXFrameworksBuildPhase section */

/* Begin PBXGroup section */
		00C302A81ABCB8CE00DB3ED1 /* Products */ = {
			isa = PBXGroup;
			children = (
				00C302AC1ABCB8CE00DB3ED1 /* libRCTActionSheet.a */,
			);
			name = Products;
			sourceTree = "<group>";
		};
		00C302B61ABCB90400DB3ED1 /* Products */ = {
			isa = PBXGroup;
			children = (
				00C302BA1ABCB90400DB3ED1 /* libRCTGeolocation.a */,
			);
			name = Products;
			sourceTree = "<group>";
		};
		00C302BC1ABCB91800DB3ED1 /* Products */ = {
			isa = PBXGroup;
			children = (
				00C302C01ABCB91800DB3ED1 /* libRCTImage.a */,
				F62892271E2A456F00081545 /* libRCTImage-tvOS.a */,
			);
			name = Products;
			sourceTree = "<group>";
		};
		00C302D41ABCB9D200DB3ED1 /* Products */ = {
			isa = PBXGroup;
			children = (
				00C302DC1ABCB9D200DB3ED1 /* libRCTNetwork.a */,
				F628922F1E2A456F00081545 /* libRCTNetwork-tvOS.a */,
			);
			name = Products;
			sourceTree = "<group>";
		};
		00C302E01ABCB9EE00DB3ED1 /* Products */ = {
			isa = PBXGroup;
			children = (
				00C302E41ABCB9EE00DB3ED1 /* libRCTVibration.a */,
			);
			name = Products;
			sourceTree = "<group>";
		};
		00E356EF1AD99517003FC87E /* Grau3Tests */ = {
			isa = PBXGroup;
			children = (
				00E356F21AD99517003FC87E /* Grau3Tests.m */,
				00E356F01AD99517003FC87E /* Supporting Files */,
			);
			path = Grau3Tests;
			sourceTree = "<group>";
		};
		00E356F01AD99517003FC87E /* Supporting Files */ = {
			isa = PBXGroup;
			children = (
				00E356F11AD99517003FC87E /* Info.plist */,
			);
			name = "Supporting Files";
			sourceTree = "<group>";
		};
		139105B71AF99BAD00B5F7CC /* Products */ = {
			isa = PBXGroup;
			children = (
				139105C11AF99BAD00B5F7CC /* libRCTSettings.a */,
				F62892331E2A456F00081545 /* libRCTSettings-tvOS.a */,
			);
			name = Products;
			sourceTree = "<group>";
		};
		139FDEE71B06529A00C62182 /* Products */ = {
			isa = PBXGroup;
			children = (
				139FDEF41B06529B00C62182 /* libRCTWebSocket.a */,
				F628923F1E2A456F00081545 /* libRCTWebSocket-tvOS.a */,
			);
			name = Products;
			sourceTree = "<group>";
		};
		13B07FAE1A68108700A75B9A /* Grau3 */ = {
			isa = PBXGroup;
			children = (
				F6B6ECBD1E39124C00C190F7 /* LoadVideo.swift */,
				F6B6ECC11E39135000C190F7 /* LoadVideoView.xib */,
				008F07F21AC5B25A0029DE68 /* main.jsbundle */,
				13B07FAF1A68108700A75B9A /* AppDelegate.h */,
				13B07FB01A68108700A75B9A /* AppDelegate.m */,
				13B07FB51A68108700A75B9A /* Images.xcassets */,
				13B07FB61A68108700A75B9A /* Info.plist */,
				F62892841E2CF67800081545 /* LaunchScreen.storyboard */,
				F62892801E2CF00B00081545 /* loading-2048.gif */,
				13B07FB71A68108700A75B9A /* main.m */,
				F6B6EC7C1E38FD8300C190F7 /* Grau3-Bridging-Header.h */,
			);
			name = Grau3;
			sourceTree = "<group>";
		};
		146834001AC3E56700842450 /* Products */ = {
			isa = PBXGroup;
			children = (
				146834041AC3E56700842450 /* libReact.a */,
				F62892431E2A456F00081545 /* libReact.a */,
				F6E1A3AF1E4DE4F30036DD47 /* libyoga.a */,
				F6E1A3B11E4DE4F30036DD47 /* libyoga.a */,
				F6E1A3B31E4DE4F30036DD47 /* libcxxreact.a */,
				F6E1A3B51E4DE4F30036DD47 /* libcxxreact.a */,
				F6E1A3B71E4DE4F30036DD47 /* libjschelpers.a */,
				F6E1A3B91E4DE4F30036DD47 /* libjschelpers.a */,
			);
			name = Products;
			sourceTree = "<group>";
		};
		35EF01B140A9A042B7046975 /* Frameworks */ = {
			isa = PBXGroup;
			children = (
				ED6C88AD56B07764F07A3A4E /* BuddyBuildSDK.framework */,
				543C49D6FAACE25E80FC9690 /* AssetsLibrary.framework */,
				BF00242B9F7A07B6D66D1A7D /* CoreText.framework */,
				B355F442FF84F218BE8E8552 /* CoreTelephony.framework */,
				DCDA62BFB59A632D69C5B8EA /* SystemConfiguration.framework */,
				7B1F9CF6859B10F204224A22 /* QuartzCore.framework */,
				95298036B23A05CE4367B6DF /* AVFoundation.framework */,
				A55ACCA03365931084D87989 /* CoreMedia.framework */,
				4F9422E536B341DBDDB09772 /* CoreVideo.framework */,
			);
			name = Frameworks;
			sourceTree = "<group>";
		};
		5E91572E1DD0AC6500FF2AA8 /* Products */ = {
			isa = PBXGroup;
			children = (
				5E9157331DD0AC6500FF2AA8 /* libRCTAnimation.a */,
				5E9157351DD0AC6500FF2AA8 /* libRCTAnimation-tvOS.a */,
			);
			name = Products;
			sourceTree = "<group>";
		};
		78C398B11ACF4ADC00677621 /* Products */ = {
			isa = PBXGroup;
			children = (
				78C398B91ACF4ADC00677621 /* libRCTLinking.a */,
				F628922B1E2A456F00081545 /* libRCTLinking-tvOS.a */,
			);
			name = Products;
			sourceTree = "<group>";
		};
		832341AE1AAA6A7D00B99B32 /* Libraries */ = {
			isa = PBXGroup;
			children = (
				F6A97E6A1E2D212E00C0372F /* RNMail.xcodeproj */,
				5E91572D1DD0AC6500FF2AA8 /* RCTAnimation.xcodeproj */,
				146833FF1AC3E56700842450 /* React.xcodeproj */,
				00C302A71ABCB8CE00DB3ED1 /* RCTActionSheet.xcodeproj */,
				00C302B51ABCB90400DB3ED1 /* RCTGeolocation.xcodeproj */,
				00C302BB1ABCB91800DB3ED1 /* RCTImage.xcodeproj */,
				78C398B01ACF4ADC00677621 /* RCTLinking.xcodeproj */,
				00C302D31ABCB9D200DB3ED1 /* RCTNetwork.xcodeproj */,
				139105B61AF99BAD00B5F7CC /* RCTSettings.xcodeproj */,
				832341B01AAA6A8300B99B32 /* RCTText.xcodeproj */,
				00C302DF1ABCB9EE00DB3ED1 /* RCTVibration.xcodeproj */,
				139FDEE61B06529A00C62182 /* RCTWebSocket.xcodeproj */,
				6530CD3953E5434790AAE50F /* RNSound.xcodeproj */,
				B07E064B64974C998598D032 /* RNViewShot.xcodeproj */,
				2FEC0A30DD234B73954F37F8 /* RCTImageSequence.xcodeproj */,
				CB0835FC0EF849BEA7B1253F /* RNFS.xcodeproj */,
				A7DA7E88E64E4294A50340BA /* RCTVideo.xcodeproj */,
			);
			name = Libraries;
			sourceTree = "<group>";
		};
		832341B11AAA6A8300B99B32 /* Products */ = {
			isa = PBXGroup;
			children = (
				832341B51AAA6A8300B99B32 /* libRCTText.a */,
				F62892371E2A456F00081545 /* libRCTText-tvOS.a */,
			);
			name = Products;
			sourceTree = "<group>";
		};
		83CBB9F61A601CBA00E9B192 = {
			isa = PBXGroup;
			children = (
				F6F291531E53255B0037A2D2 /* clickable-sounds */,
				F6F291511E53217B0037A2D2 /* narration */,
				F6F291521E5321830037A2D2 /* background-sound */,
				F6B4E7F21E525C8700494AE3 /* icon_dog.png */,
				F6B4E7F31E525C8700494AE3 /* dog.png */,
				F6B4E7F41E525C8700494AE3 /* dog@2x.png */,
				13B07FAE1A68108700A75B9A /* Grau3 */,
				832341AE1AAA6A7D00B99B32 /* Libraries */,
				00E356EF1AD99517003FC87E /* Grau3Tests */,
				83CBBA001A601CBA00E9B192 /* Products */,
				35EF01B140A9A042B7046975 /* Frameworks */,
			);
			indentWidth = 2;
			sourceTree = "<group>";
			tabWidth = 2;
		};
		83CBBA001A601CBA00E9B192 /* Products */ = {
			isa = PBXGroup;
			children = (
				13B07F961A680F5B00A75B9A /* Grau3.app */,
				00E356EE1AD99517003FC87E /* Grau3Tests.xctest */,
			);
			name = Products;
			sourceTree = "<group>";
		};
		F628921E1E2A456F00081545 /* Products */ = {
			isa = PBXGroup;
			children = (
				F62892491E2A456F00081545 /* libRNSound.a */,
			);
			name = Products;
			sourceTree = "<group>";
		};
		F62892C71E2D032100081545 /* Products */ = {
			isa = PBXGroup;
			children = (
				F62892E01E2D032200081545 /* libRNViewShot.a */,
			);
			name = Products;
			sourceTree = "<group>";
		};
		F6A97E6B1E2D212E00C0372F /* Products */ = {
			isa = PBXGroup;
			children = (
				F6A97E841E2D212E00C0372F /* libRNMail.a */,
				F6A97E861E2D212E00C0372F /* RNMailTests.xctest */,
			);
			name = Products;
			sourceTree = "<group>";
		};
		F6B4E7CF1E52346C00494AE3 /* Products */ = {
			isa = PBXGroup;
			children = (
				F6B4E7ED1E52346C00494AE3 /* libRNFS.a */,
			);
			name = Products;
			sourceTree = "<group>";
		};
		F6DFC8371E3FD372001C2270 /* Products */ = {
			isa = PBXGroup;
			children = (
				F6DFC8411E3FD372001C2270 /* libRCTImageSequence.a */,
			);
			name = Products;
			sourceTree = "<group>";
		};
		F6F2912D1E5313640037A2D2 /* Products */ = {
			isa = PBXGroup;
			children = (
				F6F291411E5313640037A2D2 /* libRCTVideo.a */,
			);
			name = Products;
			sourceTree = "<group>";
		};
		F6F291511E53217B0037A2D2 /* narration */ = {
			isa = PBXGroup;
			children = (
				F6B4E8001E5309E400494AE3 /* narration-16.mp3 */,
				F6B4E8011E5309E400494AE3 /* narration-15.mp3 */,
				F6B4E8021E5309E400494AE3 /* narration-14.mp3 */,
				F6B4E8031E5309E400494AE3 /* narration-13.mp3 */,
				F6B4E8041E5309E400494AE3 /* narration-12.mp3 */,
				F6B4E8051E5309E400494AE3 /* narration-11.mp3 */,
				F6B4E8061E5309E400494AE3 /* narration-10.mp3 */,
				F6B4E8071E5309E400494AE3 /* narration-9.mp3 */,
				F6B4E8081E5309E400494AE3 /* narration-8.mp3 */,
				F6B4E8091E5309E400494AE3 /* narration-7.mp3 */,
				F6B4E80A1E5309E400494AE3 /* narration-6.mp3 */,
				F6B4E80B1E5309E400494AE3 /* narration-5.mp3 */,
				F6B4E80C1E5309E400494AE3 /* narration-4.mp3 */,
				F6B4E80D1E5309E400494AE3 /* narration-3.mp3 */,
				F6B4E80E1E5309E400494AE3 /* narration-2.mp3 */,
				F6B4E80F1E5309E400494AE3 /* narration-1.mp3 */,
				F6B4E8101E5309E400494AE3 /* narration-0.mp3 */,
				F6B4E7FE1E5308FE00494AE3 /* narration-title.mp3 */,
			);
			name = narration;
			sourceTree = "<group>";
		};
		F6F291521E5321830037A2D2 /* background-sound */ = {
			isa = PBXGroup;
			children = (
				F6B4E7F91E53016000494AE3 /* story-background-sound-2.mp3 */,
				F6B4E7FA1E53016000494AE3 /* main-background-sound.mp3 */,
			);
			name = "background-sound";
			sourceTree = "<group>";
		};
		F6F291531E53255B0037A2D2 /* clickable-sounds */ = {
			isa = PBXGroup;
			children = (
				F6F291541E53258F0037A2D2 /* oooch3.mp3 */,
				F6F291551E53258F0037A2D2 /* oooch2.mp3 */,
				F6F291561E53258F0037A2D2 /* mhmmm3.mp3 */,
				F6F291571E53258F0037A2D2 /* mhmmm2.mp3 */,
				F6F291581E53258F0037A2D2 /* mhmmm1.mp3 */,
				F6F291591E53258F0037A2D2 /* aeeech.mp3 */,
				F6F2915A1E53258F0037A2D2 /* oooch1.mp3 */,
				F6F2915B1E53258F0037A2D2 /* hmmm2.mp3 */,
				F6F2915C1E53258F0037A2D2 /* hmmm1.mp3 */,
				F6F2915D1E53258F0037A2D2 /* blubber2.mp3 */,
				F6F2915E1E53258F0037A2D2 /* velo.mp3 */,
				F6F2915F1E53258F0037A2D2 /* schiff.mp3 */,
				F6F291601E53258F0037A2D2 /* jogger.mp3 */,
				F6F291611E53258F0037A2D2 /* shaker2.mp3 */,
				F6F291621E53258F0037A2D2 /* shaker1.mp3 */,
				F6F291631E53258F0037A2D2 /* schritte.mp3 */,
				F6F291641E53258F0037A2D2 /* blubber.mp3 */,
				F6F291651E53258F0037A2D2 /* fleck3.mp3 */,
				F6F291661E53258F0037A2D2 /* fleck2.mp3 */,
				F6F291671E53258F0037A2D2 /* fleck1.mp3 */,
				F6F291681E53258F0037A2D2 /* blinzeln.mp3 */,
				F6F291691E53258F0037A2D2 /* katze2.mp3 */,
				F6F2916A1E53258F0037A2D2 /* schrill2.mp3 */,
				F6F2916B1E53258F0037A2D2 /* schrill1.mp3 */,
				F6F2916C1E53258F0037A2D2 /* katze3.mp3 */,
				F6F2916D1E53258F0037A2D2 /* katze1.mp3 */,
				F6F2916E1E53258F0037A2D2 /* rauch.mp3 */,
				F6F2916F1E53258F0037A2D2 /* hund-knurrt.mp3 */,
				F6F291701E53258F0037A2D2 /* auto-hupen.mp3 */,
				F6F291711E53258F0037A2D2 /* ambulanz.mp3 */,
			);
			name = "clickable-sounds";
			sourceTree = "<group>";
		};
/* End PBXGroup section */

/* Begin PBXNativeTarget section */
		00E356ED1AD99517003FC87E /* Grau3Tests */ = {
			isa = PBXNativeTarget;
			buildConfigurationList = 00E357021AD99517003FC87E /* Build configuration list for PBXNativeTarget "Grau3Tests" */;
			buildPhases = (
				00E356EA1AD99517003FC87E /* Sources */,
				00E356EB1AD99517003FC87E /* Frameworks */,
				00E356EC1AD99517003FC87E /* Resources */,
			);
			buildRules = (
			);
			dependencies = (
				00E356F51AD99517003FC87E /* PBXTargetDependency */,
			);
			name = Grau3Tests;
			productName = Grau3Tests;
			productReference = 00E356EE1AD99517003FC87E /* Grau3Tests.xctest */;
			productType = "com.apple.product-type.bundle.unit-test";
		};
		13B07F861A680F5B00A75B9A /* Grau3 */ = {
			isa = PBXNativeTarget;
			buildConfigurationList = 13B07F931A680F5B00A75B9A /* Build configuration list for PBXNativeTarget "Grau3" */;
			buildPhases = (
				13B07F871A680F5B00A75B9A /* Sources */,
				13B07F8C1A680F5B00A75B9A /* Frameworks */,
				13B07F8E1A680F5B00A75B9A /* Resources */,
				00DD1BFF1BD5951E006B06BC /* Bundle React Native code and images */,
			);
			buildRules = (
			);
			dependencies = (
			);
			name = Grau3;
			productName = "Hello World";
			productReference = 13B07F961A680F5B00A75B9A /* Grau3.app */;
			productType = "com.apple.product-type.application";
		};
/* End PBXNativeTarget section */

/* Begin PBXProject section */
		83CBB9F71A601CBA00E9B192 /* Project object */ = {
			isa = PBXProject;
			attributes = {
				LastUpgradeCheck = 610;
				ORGANIZATIONNAME = Facebook;
				TargetAttributes = {
					00E356ED1AD99517003FC87E = {
						CreatedOnToolsVersion = 6.2;
						TestTargetID = 13B07F861A680F5B00A75B9A;
					};
					13B07F861A680F5B00A75B9A = {
						DevelopmentTeam = HQB8J2B78P;
						LastSwiftMigration = 820;
					};
				};
			};
			buildConfigurationList = 83CBB9FA1A601CBA00E9B192 /* Build configuration list for PBXProject "Grau3" */;
			compatibilityVersion = "Xcode 3.2";
			developmentRegion = English;
			hasScannedForEncodings = 0;
			knownRegions = (
				en,
				Base,
			);
			mainGroup = 83CBB9F61A601CBA00E9B192;
			productRefGroup = 83CBBA001A601CBA00E9B192 /* Products */;
			projectDirPath = "";
			projectReferences = (
				{
					ProductGroup = 00C302A81ABCB8CE00DB3ED1 /* Products */;
					ProjectRef = 00C302A71ABCB8CE00DB3ED1 /* RCTActionSheet.xcodeproj */;
				},
				{
					ProductGroup = 5E91572E1DD0AC6500FF2AA8 /* Products */;
					ProjectRef = 5E91572D1DD0AC6500FF2AA8 /* RCTAnimation.xcodeproj */;
				},
				{
					ProductGroup = 00C302B61ABCB90400DB3ED1 /* Products */;
					ProjectRef = 00C302B51ABCB90400DB3ED1 /* RCTGeolocation.xcodeproj */;
				},
				{
					ProductGroup = 00C302BC1ABCB91800DB3ED1 /* Products */;
					ProjectRef = 00C302BB1ABCB91800DB3ED1 /* RCTImage.xcodeproj */;
				},
				{
					ProductGroup = F6DFC8371E3FD372001C2270 /* Products */;
					ProjectRef = 2FEC0A30DD234B73954F37F8 /* RCTImageSequence.xcodeproj */;
				},
				{
					ProductGroup = 78C398B11ACF4ADC00677621 /* Products */;
					ProjectRef = 78C398B01ACF4ADC00677621 /* RCTLinking.xcodeproj */;
				},
				{
					ProductGroup = 00C302D41ABCB9D200DB3ED1 /* Products */;
					ProjectRef = 00C302D31ABCB9D200DB3ED1 /* RCTNetwork.xcodeproj */;
				},
				{
					ProductGroup = 139105B71AF99BAD00B5F7CC /* Products */;
					ProjectRef = 139105B61AF99BAD00B5F7CC /* RCTSettings.xcodeproj */;
				},
				{
					ProductGroup = 832341B11AAA6A8300B99B32 /* Products */;
					ProjectRef = 832341B01AAA6A8300B99B32 /* RCTText.xcodeproj */;
				},
				{
					ProductGroup = 00C302E01ABCB9EE00DB3ED1 /* Products */;
					ProjectRef = 00C302DF1ABCB9EE00DB3ED1 /* RCTVibration.xcodeproj */;
				},
				{
					ProductGroup = F6F2912D1E5313640037A2D2 /* Products */;
					ProjectRef = A7DA7E88E64E4294A50340BA /* RCTVideo.xcodeproj */;
				},
				{
					ProductGroup = 139FDEE71B06529A00C62182 /* Products */;
					ProjectRef = 139FDEE61B06529A00C62182 /* RCTWebSocket.xcodeproj */;
				},
				{
					ProductGroup = 146834001AC3E56700842450 /* Products */;
					ProjectRef = 146833FF1AC3E56700842450 /* React.xcodeproj */;
				},
				{
					ProductGroup = F6B4E7CF1E52346C00494AE3 /* Products */;
					ProjectRef = CB0835FC0EF849BEA7B1253F /* RNFS.xcodeproj */;
				},
				{
					ProductGroup = F6A97E6B1E2D212E00C0372F /* Products */;
					ProjectRef = F6A97E6A1E2D212E00C0372F /* RNMail.xcodeproj */;
				},
				{
					ProductGroup = F628921E1E2A456F00081545 /* Products */;
					ProjectRef = 6530CD3953E5434790AAE50F /* RNSound.xcodeproj */;
				},
				{
					ProductGroup = F62892C71E2D032100081545 /* Products */;
					ProjectRef = B07E064B64974C998598D032 /* RNViewShot.xcodeproj */;
				},
			);
			projectRoot = "";
			targets = (
				13B07F861A680F5B00A75B9A /* Grau3 */,
				00E356ED1AD99517003FC87E /* Grau3Tests */,
			);
		};
/* End PBXProject section */

/* Begin PBXReferenceProxy section */
		00C302AC1ABCB8CE00DB3ED1 /* libRCTActionSheet.a */ = {
			isa = PBXReferenceProxy;
			fileType = archive.ar;
			path = libRCTActionSheet.a;
			remoteRef = 00C302AB1ABCB8CE00DB3ED1 /* PBXContainerItemProxy */;
			sourceTree = BUILT_PRODUCTS_DIR;
		};
		00C302BA1ABCB90400DB3ED1 /* libRCTGeolocation.a */ = {
			isa = PBXReferenceProxy;
			fileType = archive.ar;
			path = libRCTGeolocation.a;
			remoteRef = 00C302B91ABCB90400DB3ED1 /* PBXContainerItemProxy */;
			sourceTree = BUILT_PRODUCTS_DIR;
		};
		00C302C01ABCB91800DB3ED1 /* libRCTImage.a */ = {
			isa = PBXReferenceProxy;
			fileType = archive.ar;
			path = libRCTImage.a;
			remoteRef = 00C302BF1ABCB91800DB3ED1 /* PBXContainerItemProxy */;
			sourceTree = BUILT_PRODUCTS_DIR;
		};
		00C302DC1ABCB9D200DB3ED1 /* libRCTNetwork.a */ = {
			isa = PBXReferenceProxy;
			fileType = archive.ar;
			path = libRCTNetwork.a;
			remoteRef = 00C302DB1ABCB9D200DB3ED1 /* PBXContainerItemProxy */;
			sourceTree = BUILT_PRODUCTS_DIR;
		};
		00C302E41ABCB9EE00DB3ED1 /* libRCTVibration.a */ = {
			isa = PBXReferenceProxy;
			fileType = archive.ar;
			path = libRCTVibration.a;
			remoteRef = 00C302E31ABCB9EE00DB3ED1 /* PBXContainerItemProxy */;
			sourceTree = BUILT_PRODUCTS_DIR;
		};
		139105C11AF99BAD00B5F7CC /* libRCTSettings.a */ = {
			isa = PBXReferenceProxy;
			fileType = archive.ar;
			path = libRCTSettings.a;
			remoteRef = 139105C01AF99BAD00B5F7CC /* PBXContainerItemProxy */;
			sourceTree = BUILT_PRODUCTS_DIR;
		};
		139FDEF41B06529B00C62182 /* libRCTWebSocket.a */ = {
			isa = PBXReferenceProxy;
			fileType = archive.ar;
			path = libRCTWebSocket.a;
			remoteRef = 139FDEF31B06529B00C62182 /* PBXContainerItemProxy */;
			sourceTree = BUILT_PRODUCTS_DIR;
		};
		146834041AC3E56700842450 /* libReact.a */ = {
			isa = PBXReferenceProxy;
			fileType = archive.ar;
			path = libReact.a;
			remoteRef = 146834031AC3E56700842450 /* PBXContainerItemProxy */;
			sourceTree = BUILT_PRODUCTS_DIR;
		};
		5E9157331DD0AC6500FF2AA8 /* libRCTAnimation.a */ = {
			isa = PBXReferenceProxy;
			fileType = archive.ar;
			path = libRCTAnimation.a;
			remoteRef = 5E9157321DD0AC6500FF2AA8 /* PBXContainerItemProxy */;
			sourceTree = BUILT_PRODUCTS_DIR;
		};
		5E9157351DD0AC6500FF2AA8 /* libRCTAnimation-tvOS.a */ = {
			isa = PBXReferenceProxy;
			fileType = archive.ar;
			path = "libRCTAnimation-tvOS.a";
			remoteRef = 5E9157341DD0AC6500FF2AA8 /* PBXContainerItemProxy */;
			sourceTree = BUILT_PRODUCTS_DIR;
		};
		78C398B91ACF4ADC00677621 /* libRCTLinking.a */ = {
			isa = PBXReferenceProxy;
			fileType = archive.ar;
			path = libRCTLinking.a;
			remoteRef = 78C398B81ACF4ADC00677621 /* PBXContainerItemProxy */;
			sourceTree = BUILT_PRODUCTS_DIR;
		};
		832341B51AAA6A8300B99B32 /* libRCTText.a */ = {
			isa = PBXReferenceProxy;
			fileType = archive.ar;
			path = libRCTText.a;
			remoteRef = 832341B41AAA6A8300B99B32 /* PBXContainerItemProxy */;
			sourceTree = BUILT_PRODUCTS_DIR;
		};
		F62892271E2A456F00081545 /* libRCTImage-tvOS.a */ = {
			isa = PBXReferenceProxy;
			fileType = archive.ar;
			path = "libRCTImage-tvOS.a";
			remoteRef = F62892261E2A456F00081545 /* PBXContainerItemProxy */;
			sourceTree = BUILT_PRODUCTS_DIR;
		};
		F628922B1E2A456F00081545 /* libRCTLinking-tvOS.a */ = {
			isa = PBXReferenceProxy;
			fileType = archive.ar;
			path = "libRCTLinking-tvOS.a";
			remoteRef = F628922A1E2A456F00081545 /* PBXContainerItemProxy */;
			sourceTree = BUILT_PRODUCTS_DIR;
		};
		F628922F1E2A456F00081545 /* libRCTNetwork-tvOS.a */ = {
			isa = PBXReferenceProxy;
			fileType = archive.ar;
			path = "libRCTNetwork-tvOS.a";
			remoteRef = F628922E1E2A456F00081545 /* PBXContainerItemProxy */;
			sourceTree = BUILT_PRODUCTS_DIR;
		};
		F62892331E2A456F00081545 /* libRCTSettings-tvOS.a */ = {
			isa = PBXReferenceProxy;
			fileType = archive.ar;
			path = "libRCTSettings-tvOS.a";
			remoteRef = F62892321E2A456F00081545 /* PBXContainerItemProxy */;
			sourceTree = BUILT_PRODUCTS_DIR;
		};
		F62892371E2A456F00081545 /* libRCTText-tvOS.a */ = {
			isa = PBXReferenceProxy;
			fileType = archive.ar;
			path = "libRCTText-tvOS.a";
			remoteRef = F62892361E2A456F00081545 /* PBXContainerItemProxy */;
			sourceTree = BUILT_PRODUCTS_DIR;
		};
		F628923F1E2A456F00081545 /* libRCTWebSocket-tvOS.a */ = {
			isa = PBXReferenceProxy;
			fileType = archive.ar;
			path = "libRCTWebSocket-tvOS.a";
			remoteRef = F628923E1E2A456F00081545 /* PBXContainerItemProxy */;
			sourceTree = BUILT_PRODUCTS_DIR;
		};
		F62892431E2A456F00081545 /* libReact.a */ = {
			isa = PBXReferenceProxy;
			fileType = archive.ar;
			path = libReact.a;
			remoteRef = F62892421E2A456F00081545 /* PBXContainerItemProxy */;
			sourceTree = BUILT_PRODUCTS_DIR;
		};
		F62892491E2A456F00081545 /* libRNSound.a */ = {
			isa = PBXReferenceProxy;
			fileType = archive.ar;
			path = libRNSound.a;
			remoteRef = F62892481E2A456F00081545 /* PBXContainerItemProxy */;
			sourceTree = BUILT_PRODUCTS_DIR;
		};
		F62892E01E2D032200081545 /* libRNViewShot.a */ = {
			isa = PBXReferenceProxy;
			fileType = archive.ar;
			path = libRNViewShot.a;
			remoteRef = F62892DF1E2D032200081545 /* PBXContainerItemProxy */;
			sourceTree = BUILT_PRODUCTS_DIR;
		};
		F6A97E841E2D212E00C0372F /* libRNMail.a */ = {
			isa = PBXReferenceProxy;
			fileType = archive.ar;
			path = libRNMail.a;
			remoteRef = F6A97E831E2D212E00C0372F /* PBXContainerItemProxy */;
			sourceTree = BUILT_PRODUCTS_DIR;
		};
		F6A97E861E2D212E00C0372F /* RNMailTests.xctest */ = {
			isa = PBXReferenceProxy;
			fileType = wrapper.cfbundle;
			path = RNMailTests.xctest;
			remoteRef = F6A97E851E2D212E00C0372F /* PBXContainerItemProxy */;
			sourceTree = BUILT_PRODUCTS_DIR;
		};
		F6B4E7ED1E52346C00494AE3 /* libRNFS.a */ = {
			isa = PBXReferenceProxy;
			fileType = archive.ar;
			path = libRNFS.a;
			remoteRef = F6B4E7EC1E52346C00494AE3 /* PBXContainerItemProxy */;
			sourceTree = BUILT_PRODUCTS_DIR;
		};
		F6DFC8411E3FD372001C2270 /* libRCTImageSequence.a */ = {
			isa = PBXReferenceProxy;
			fileType = archive.ar;
			path = libRCTImageSequence.a;
			remoteRef = F6DFC8401E3FD372001C2270 /* PBXContainerItemProxy */;
			sourceTree = BUILT_PRODUCTS_DIR;
		};
		F6E1A3AF1E4DE4F30036DD47 /* libyoga.a */ = {
			isa = PBXReferenceProxy;
			fileType = archive.ar;
			path = libyoga.a;
			remoteRef = F6E1A3AE1E4DE4F30036DD47 /* PBXContainerItemProxy */;
			sourceTree = BUILT_PRODUCTS_DIR;
		};
		F6E1A3B11E4DE4F30036DD47 /* libyoga.a */ = {
			isa = PBXReferenceProxy;
			fileType = archive.ar;
			path = libyoga.a;
			remoteRef = F6E1A3B01E4DE4F30036DD47 /* PBXContainerItemProxy */;
			sourceTree = BUILT_PRODUCTS_DIR;
		};
		F6E1A3B31E4DE4F30036DD47 /* libcxxreact.a */ = {
			isa = PBXReferenceProxy;
			fileType = archive.ar;
			path = libcxxreact.a;
			remoteRef = F6E1A3B21E4DE4F30036DD47 /* PBXContainerItemProxy */;
			sourceTree = BUILT_PRODUCTS_DIR;
		};
		F6E1A3B51E4DE4F30036DD47 /* libcxxreact.a */ = {
			isa = PBXReferenceProxy;
			fileType = archive.ar;
			path = libcxxreact.a;
			remoteRef = F6E1A3B41E4DE4F30036DD47 /* PBXContainerItemProxy */;
			sourceTree = BUILT_PRODUCTS_DIR;
		};
		F6E1A3B71E4DE4F30036DD47 /* libjschelpers.a */ = {
			isa = PBXReferenceProxy;
			fileType = archive.ar;
			path = libjschelpers.a;
			remoteRef = F6E1A3B61E4DE4F30036DD47 /* PBXContainerItemProxy */;
			sourceTree = BUILT_PRODUCTS_DIR;
		};
		F6E1A3B91E4DE4F30036DD47 /* libjschelpers.a */ = {
			isa = PBXReferenceProxy;
			fileType = archive.ar;
			path = libjschelpers.a;
			remoteRef = F6E1A3B81E4DE4F30036DD47 /* PBXContainerItemProxy */;
			sourceTree = BUILT_PRODUCTS_DIR;
		};
		F6F291411E5313640037A2D2 /* libRCTVideo.a */ = {
			isa = PBXReferenceProxy;
			fileType = archive.ar;
			path = libRCTVideo.a;
			remoteRef = F6F291401E5313640037A2D2 /* PBXContainerItemProxy */;
			sourceTree = BUILT_PRODUCTS_DIR;
		};
/* End PBXReferenceProxy section */

/* Begin PBXResourcesBuildPhase section */
		00E356EC1AD99517003FC87E /* Resources */ = {
			isa = PBXResourcesBuildPhase;
			buildActionMask = 2147483647;
			files = (
			);
			runOnlyForDeploymentPostprocessing = 0;
		};
		13B07F8E1A680F5B00A75B9A /* Resources */ = {
			isa = PBXResourcesBuildPhase;
			buildActionMask = 2147483647;
			files = (
				F6B4E8151E5309E400494AE3 /* narration-12.mp3 in Resources */,
				F6F291871E53258F0037A2D2 /* katze2.mp3 in Resources */,
				F6B4E81C1E5309E400494AE3 /* narration-5.mp3 in Resources */,
				F6B4E7FD1E53016000494AE3 /* main-background-sound.mp3 in Resources */,
				F6B4E8171E5309E400494AE3 /* narration-10.mp3 in Resources */,
				F6F2917B1E53258F0037A2D2 /* blubber2.mp3 in Resources */,
				F6F2917F1E53258F0037A2D2 /* shaker2.mp3 in Resources */,
				F6F2917C1E53258F0037A2D2 /* velo.mp3 in Resources */,
				F6F291861E53258F0037A2D2 /* blinzeln.mp3 in Resources */,
				F6B4E8201E5309E400494AE3 /* narration-1.mp3 in Resources */,
				F6B4E7F51E525C8700494AE3 /* icon_dog.png in Resources */,
				F6F291741E53258F0037A2D2 /* mhmmm3.mp3 in Resources */,
				F6F291731E53258F0037A2D2 /* oooch2.mp3 in Resources */,
				F6F2918A1E53258F0037A2D2 /* katze3.mp3 in Resources */,
				F6B4E8131E5309E400494AE3 /* narration-14.mp3 in Resources */,
				F6B6ECC21E39135000C190F7 /* LoadVideoView.xib in Resources */,
				F6B4E7F71E525C8700494AE3 /* dog@2x.png in Resources */,
				F6F291891E53258F0037A2D2 /* schrill1.mp3 in Resources */,
				F6F291851E53258F0037A2D2 /* fleck1.mp3 in Resources */,
				F6F291761E53258F0037A2D2 /* mhmmm1.mp3 in Resources */,
				F6B4E8191E5309E400494AE3 /* narration-8.mp3 in Resources */,
				F6F2917E1E53258F0037A2D2 /* jogger.mp3 in Resources */,
				F6B4E8181E5309E400494AE3 /* narration-9.mp3 in Resources */,
				F6B4E8211E5309E400494AE3 /* narration-0.mp3 in Resources */,
				F6F291841E53258F0037A2D2 /* fleck2.mp3 in Resources */,
				F6B4E81A1E5309E400494AE3 /* narration-7.mp3 in Resources */,
				F6F2918B1E53258F0037A2D2 /* katze1.mp3 in Resources */,
				F6F291821E53258F0037A2D2 /* blubber.mp3 in Resources */,
				F6F291801E53258F0037A2D2 /* shaker1.mp3 in Resources */,
				F6B4E8161E5309E400494AE3 /* narration-11.mp3 in Resources */,
				F6B4E7FF1E5308FE00494AE3 /* narration-title.mp3 in Resources */,
				F6B4E8111E5309E400494AE3 /* narration-16.mp3 in Resources */,
				13B07FBF1A68108700A75B9A /* Images.xcassets in Resources */,
				F6F291721E53258F0037A2D2 /* oooch3.mp3 in Resources */,
				F6F291881E53258F0037A2D2 /* schrill2.mp3 in Resources */,
				F6F2918C1E53258F0037A2D2 /* rauch.mp3 in Resources */,
				F6F2917A1E53258F0037A2D2 /* hmmm1.mp3 in Resources */,
				F6F291781E53258F0037A2D2 /* oooch1.mp3 in Resources */,
				F62892851E2CF67800081545 /* LaunchScreen.storyboard in Resources */,
				F6B4E81E1E5309E400494AE3 /* narration-3.mp3 in Resources */,
				F6F2917D1E53258F0037A2D2 /* schiff.mp3 in Resources */,
				F6F291751E53258F0037A2D2 /* mhmmm2.mp3 in Resources */,
				F6B4E7FC1E53016000494AE3 /* story-background-sound-2.mp3 in Resources */,
				F6B4E8141E5309E400494AE3 /* narration-13.mp3 in Resources */,
				F6F291791E53258F0037A2D2 /* hmmm2.mp3 in Resources */,
				F6F2918F1E53258F0037A2D2 /* ambulanz.mp3 in Resources */,
				F6F2918E1E53258F0037A2D2 /* auto-hupen.mp3 in Resources */,
				F6B4E7F61E525C8700494AE3 /* dog.png in Resources */,
				F6F2918D1E53258F0037A2D2 /* hund-knurrt.mp3 in Resources */,
				F6B4E81F1E5309E400494AE3 /* narration-2.mp3 in Resources */,
				F6F291771E53258F0037A2D2 /* aeeech.mp3 in Resources */,
				F62892811E2CF00B00081545 /* loading-2048.gif in Resources */,
				F6F291811E53258F0037A2D2 /* schritte.mp3 in Resources */,
				F6B4E81B1E5309E400494AE3 /* narration-6.mp3 in Resources */,
				F6B4E81D1E5309E400494AE3 /* narration-4.mp3 in Resources */,
				F6F291831E53258F0037A2D2 /* fleck3.mp3 in Resources */,
				F6B4E8121E5309E400494AE3 /* narration-15.mp3 in Resources */,
			);
			runOnlyForDeploymentPostprocessing = 0;
		};
/* End PBXResourcesBuildPhase section */

/* Begin PBXShellScriptBuildPhase section */
		00DD1BFF1BD5951E006B06BC /* Bundle React Native code and images */ = {
			isa = PBXShellScriptBuildPhase;
			buildActionMask = 2147483647;
			files = (
			);
			inputPaths = (
			);
			name = "Bundle React Native code and images";
			outputPaths = (
			);
			runOnlyForDeploymentPostprocessing = 0;
			shellPath = /bin/sh;
			shellScript = "export NODE_BINARY=node\n../node_modules/react-native/packager/react-native-xcode.sh";
		};
/* End PBXShellScriptBuildPhase section */

/* Begin PBXSourcesBuildPhase section */
		00E356EA1AD99517003FC87E /* Sources */ = {
			isa = PBXSourcesBuildPhase;
			buildActionMask = 2147483647;
			files = (
				00E356F31AD99517003FC87E /* Grau3Tests.m in Sources */,
			);
			runOnlyForDeploymentPostprocessing = 0;
		};
		13B07F871A680F5B00A75B9A /* Sources */ = {
			isa = PBXSourcesBuildPhase;
			buildActionMask = 2147483647;
			files = (
				13B07FBC1A68108700A75B9A /* AppDelegate.m in Sources */,
				13B07FC11A68108700A75B9A /* main.m in Sources */,
				F6B6ECBF1E39124C00C190F7 /* LoadVideo.swift in Sources */,
			);
			runOnlyForDeploymentPostprocessing = 0;
		};
/* End PBXSourcesBuildPhase section */

/* Begin PBXTargetDependency section */
		00E356F51AD99517003FC87E /* PBXTargetDependency */ = {
			isa = PBXTargetDependency;
			target = 13B07F861A680F5B00A75B9A /* Grau3 */;
			targetProxy = 00E356F41AD99517003FC87E /* PBXContainerItemProxy */;
		};
/* End PBXTargetDependency section */

/* Begin XCBuildConfiguration section */
		00E356F61AD99517003FC87E /* Debug */ = {
			isa = XCBuildConfiguration;
			buildSettings = {
				ALWAYS_EMBED_SWIFT_STANDARD_LIBRARIES = YES;
				BUNDLE_LOADER = "$(TEST_HOST)";
				GCC_PREPROCESSOR_DEFINITIONS = (
					"DEBUG=1",
					"$(inherited)",
				);
				INFOPLIST_FILE = Grau3Tests/Info.plist;
				IPHONEOS_DEPLOYMENT_TARGET = 8.0;
				LD_RUNPATH_SEARCH_PATHS = "$(inherited) @executable_path/Frameworks @loader_path/Frameworks";
				LIBRARY_SEARCH_PATHS = (
					"$(inherited)",
					"\"$(SRCROOT)/$(TARGET_NAME)\"",
				);
				PRODUCT_NAME = "$(TARGET_NAME)";
				TEST_HOST = "$(BUILT_PRODUCTS_DIR)/Grau3.app/Grau3";
			};
			name = Debug;
		};
		00E356F71AD99517003FC87E /* Release */ = {
			isa = XCBuildConfiguration;
			buildSettings = {
				ALWAYS_EMBED_SWIFT_STANDARD_LIBRARIES = YES;
				BUNDLE_LOADER = "$(TEST_HOST)";
				COPY_PHASE_STRIP = NO;
				INFOPLIST_FILE = Grau3Tests/Info.plist;
				IPHONEOS_DEPLOYMENT_TARGET = 8.0;
				LD_RUNPATH_SEARCH_PATHS = "$(inherited) @executable_path/Frameworks @loader_path/Frameworks";
				LIBRARY_SEARCH_PATHS = (
					"$(inherited)",
					"\"$(SRCROOT)/$(TARGET_NAME)\"",
				);
				PRODUCT_NAME = "$(TARGET_NAME)";
				TEST_HOST = "$(BUILT_PRODUCTS_DIR)/Grau3.app/Grau3";
			};
			name = Release;
		};
		13B07F941A680F5B00A75B9A /* Debug */ = {
			isa = XCBuildConfiguration;
			buildSettings = {
				ASSETCATALOG_COMPILER_APPICON_NAME = AppIcon;
				CLANG_ENABLE_MODULES = YES;
				CURRENT_PROJECT_VERSION = 1;
				DEAD_CODE_STRIPPING = NO;
				DEFINES_MODULE = YES;
				DEVELOPMENT_TEAM = HQB8J2B78P;
				FRAMEWORK_SEARCH_PATHS = (
					"$(inherited)",
					"$(PROJECT_DIR)",
				);
				INFOPLIST_FILE = Grau3/Info.plist;
				LD_RUNPATH_SEARCH_PATHS = "$(inherited) @executable_path/Frameworks";
				OTHER_LDFLAGS = (
					"$(inherited)",
					"-ObjC",
					"-lc++",
				);
				PRODUCT_NAME = Grau3;
				SWIFT_OBJC_BRIDGING_HEADER = "Grau3-Bridging-Header.h";
				SWIFT_OPTIMIZATION_LEVEL = "-Onone";
				SWIFT_VERSION = 3.0;
				TARGETED_DEVICE_FAMILY = "1,2";
				VERSIONING_SYSTEM = "apple-generic";
			};
			name = Debug;
		};
		13B07F951A680F5B00A75B9A /* Release */ = {
			isa = XCBuildConfiguration;
			buildSettings = {
				ASSETCATALOG_COMPILER_APPICON_NAME = AppIcon;
				CLANG_ENABLE_MODULES = YES;
				CURRENT_PROJECT_VERSION = 1;
				DEFINES_MODULE = YES;
				DEVELOPMENT_TEAM = HQB8J2B78P;
				FRAMEWORK_SEARCH_PATHS = (
					"$(inherited)",
					"$(PROJECT_DIR)",
				);
				INFOPLIST_FILE = Grau3/Info.plist;
				LD_RUNPATH_SEARCH_PATHS = "$(inherited) @executable_path/Frameworks";
				OTHER_LDFLAGS = (
					"$(inherited)",
					"-ObjC",
					"-lc++",
				);
				PRODUCT_NAME = Grau3;
				SWIFT_OBJC_BRIDGING_HEADER = "Grau3-Bridging-Header.h";
				SWIFT_VERSION = 3.0;
				TARGETED_DEVICE_FAMILY = "1,2";
				VERSIONING_SYSTEM = "apple-generic";
			};
			name = Release;
		};
		83CBBA201A601CBA00E9B192 /* Debug */ = {
			isa = XCBuildConfiguration;
			buildSettings = {
				ALWAYS_SEARCH_USER_PATHS = NO;
				CLANG_CXX_LANGUAGE_STANDARD = "gnu++0x";
				CLANG_CXX_LIBRARY = "libc++";
				CLANG_ENABLE_MODULES = YES;
				CLANG_ENABLE_OBJC_ARC = YES;
				CLANG_WARN_BOOL_CONVERSION = YES;
				CLANG_WARN_CONSTANT_CONVERSION = YES;
				CLANG_WARN_DIRECT_OBJC_ISA_USAGE = YES_ERROR;
				CLANG_WARN_EMPTY_BODY = YES;
				CLANG_WARN_ENUM_CONVERSION = YES;
				CLANG_WARN_INT_CONVERSION = YES;
				CLANG_WARN_OBJC_ROOT_CLASS = YES_ERROR;
				CLANG_WARN_UNREACHABLE_CODE = YES;
				CLANG_WARN__DUPLICATE_METHOD_MATCH = YES;
				"CODE_SIGN_IDENTITY[sdk=iphoneos*]" = "iPhone Developer";
				COPY_PHASE_STRIP = NO;
				DEAD_CODE_STRIPPING = NO;
				ENABLE_STRICT_OBJC_MSGSEND = YES;
				GCC_C_LANGUAGE_STANDARD = gnu99;
				GCC_DYNAMIC_NO_PIC = NO;
				GCC_OPTIMIZATION_LEVEL = 0;
				GCC_PREPROCESSOR_DEFINITIONS = (
					"DEBUG=1",
					"$(inherited)",
				);
				GCC_SYMBOLS_PRIVATE_EXTERN = NO;
				GCC_WARN_64_TO_32_BIT_CONVERSION = YES;
				GCC_WARN_ABOUT_RETURN_TYPE = YES_ERROR;
				GCC_WARN_UNDECLARED_SELECTOR = YES;
				GCC_WARN_UNINITIALIZED_AUTOS = YES_AGGRESSIVE;
				GCC_WARN_UNUSED_FUNCTION = YES;
				GCC_WARN_UNUSED_VARIABLE = YES;
				HEADER_SEARCH_PATHS = (
					"$(inherited)",
					"$(SRCROOT)/../node_modules/react-native/React/**",
					"$(SRCROOT)/../node_modules/react-native/ReactCommon/**",
					"$(SRCROOT)/../node_modules/react-native-sound/RNSound",
					"$(SRCROOT)/../node_modules/react-native-video",
					"$(SRCROOT)/../node_modules/react-native-view-shot/ios",
					"$(SRCROOT)/../node_modules/react-native-image-sequence/ios/RCTImageSequence",
					"$(SRCROOT)/../node_modules/react-native-fs/**",
					"$(SRCROOT)/../node_modules/react-native-video/ios",
				);
				IPHONEOS_DEPLOYMENT_TARGET = 8.0;
				MTL_ENABLE_DEBUG_INFO = YES;
				ONLY_ACTIVE_ARCH = YES;
				SDKROOT = iphoneos;
			};
			name = Debug;
		};
		83CBBA211A601CBA00E9B192 /* Release */ = {
			isa = XCBuildConfiguration;
			buildSettings = {
				ALWAYS_SEARCH_USER_PATHS = NO;
				CLANG_CXX_LANGUAGE_STANDARD = "gnu++0x";
				CLANG_CXX_LIBRARY = "libc++";
				CLANG_ENABLE_MODULES = YES;
				CLANG_ENABLE_OBJC_ARC = YES;
				CLANG_WARN_BOOL_CONVERSION = YES;
				CLANG_WARN_CONSTANT_CONVERSION = YES;
				CLANG_WARN_DIRECT_OBJC_ISA_USAGE = YES_ERROR;
				CLANG_WARN_EMPTY_BODY = YES;
				CLANG_WARN_ENUM_CONVERSION = YES;
				CLANG_WARN_INT_CONVERSION = YES;
				CLANG_WARN_OBJC_ROOT_CLASS = YES_ERROR;
				CLANG_WARN_UNREACHABLE_CODE = YES;
				CLANG_WARN__DUPLICATE_METHOD_MATCH = YES;
				"CODE_SIGN_IDENTITY[sdk=iphoneos*]" = "iPhone Developer";
				COPY_PHASE_STRIP = YES;
				DEAD_CODE_STRIPPING = NO;
				ENABLE_NS_ASSERTIONS = NO;
				ENABLE_STRICT_OBJC_MSGSEND = YES;
				GCC_C_LANGUAGE_STANDARD = gnu99;
				GCC_WARN_64_TO_32_BIT_CONVERSION = YES;
				GCC_WARN_ABOUT_RETURN_TYPE = YES_ERROR;
				GCC_WARN_UNDECLARED_SELECTOR = YES;
				GCC_WARN_UNINITIALIZED_AUTOS = YES_AGGRESSIVE;
				GCC_WARN_UNUSED_FUNCTION = YES;
				GCC_WARN_UNUSED_VARIABLE = YES;
				HEADER_SEARCH_PATHS = (
					"$(inherited)",
					"$(SRCROOT)/../node_modules/react-native/React/**",
					"$(SRCROOT)/../node_modules/react-native/ReactCommon/**",
					"$(SRCROOT)/../node_modules/react-native-sound/RNSound",
					"$(SRCROOT)/../node_modules/react-native-video",
					"$(SRCROOT)/../node_modules/react-native-view-shot/ios",
					"$(SRCROOT)/../node_modules/react-native-image-sequence/ios/RCTImageSequence",
					"$(SRCROOT)/../node_modules/react-native-fs/**",
					"$(SRCROOT)/../node_modules/react-native-video/ios",
				);
				IPHONEOS_DEPLOYMENT_TARGET = 8.0;
				MTL_ENABLE_DEBUG_INFO = NO;
				SDKROOT = iphoneos;
				VALIDATE_PRODUCT = YES;
			};
			name = Release;
		};
/* End XCBuildConfiguration section */

/* Begin XCConfigurationList section */
		00E357021AD99517003FC87E /* Build configuration list for PBXNativeTarget "Grau3Tests" */ = {
			isa = XCConfigurationList;
			buildConfigurations = (
				00E356F61AD99517003FC87E /* Debug */,
				00E356F71AD99517003FC87E /* Release */,
			);
			defaultConfigurationIsVisible = 0;
			defaultConfigurationName = Release;
		};
		13B07F931A680F5B00A75B9A /* Build configuration list for PBXNativeTarget "Grau3" */ = {
			isa = XCConfigurationList;
			buildConfigurations = (
				13B07F941A680F5B00A75B9A /* Debug */,
				13B07F951A680F5B00A75B9A /* Release */,
			);
			defaultConfigurationIsVisible = 0;
			defaultConfigurationName = Release;
		};
		83CBB9FA1A601CBA00E9B192 /* Build configuration list for PBXProject "Grau3" */ = {
			isa = XCConfigurationList;
			buildConfigurations = (
				83CBBA201A601CBA00E9B192 /* Debug */,
				83CBBA211A601CBA00E9B192 /* Release */,
			);
			defaultConfigurationIsVisible = 0;
			defaultConfigurationName = Release;
		};
/* End XCConfigurationList section */
	};
	rootObject = 83CBB9F71A601CBA00E9B192 /* Project object */;
}
